// !$*UTF8*$!
{
	archiveVersion = 1;
	classes = {
	};
	objectVersion = 46;
	objects = {

/* Begin PBXBuildFile section */
		EAD79742147657E700B1BC24 /* Foundation.framework in Frameworks */ = {isa = PBXBuildFile; fileRef = EAD79741147657E700B1BC24 /* Foundation.framework */; };
		EAD797611476582100B1BC24 /* config.h in Headers */ = {isa = PBXBuildFile; fileRef = EAD7974E1476582100B1BC24 /* config.h */; };
		EAD797621476582100B1BC24 /* png.c in Sources */ = {isa = PBXBuildFile; fileRef = EAD7974F1476582100B1BC24 /* png.c */; };
		EAD797631476582100B1BC24 /* png.h in Headers */ = {isa = PBXBuildFile; fileRef = EAD797501476582100B1BC24 /* png.h */; };
		EAD797641476582100B1BC24 /* pngconf.h in Headers */ = {isa = PBXBuildFile; fileRef = EAD797511476582100B1BC24 /* pngconf.h */; };
		EAD797651476582100B1BC24 /* pngerror.c in Sources */ = {isa = PBXBuildFile; fileRef = EAD797521476582100B1BC24 /* pngerror.c */; };
		EAD797661476582100B1BC24 /* pngget.c in Sources */ = {isa = PBXBuildFile; fileRef = EAD797531476582100B1BC24 /* pngget.c */; };
		EAD797671476582100B1BC24 /* pngmem.c in Sources */ = {isa = PBXBuildFile; fileRef = EAD797541476582100B1BC24 /* pngmem.c */; };
		EAD797681476582100B1BC24 /* pngpread.c in Sources */ = {isa = PBXBuildFile; fileRef = EAD797551476582100B1BC24 /* pngpread.c */; };
		EAD797691476582100B1BC24 /* pngpriv.h in Headers */ = {isa = PBXBuildFile; fileRef = EAD797561476582100B1BC24 /* pngpriv.h */; };
		EAD7976A1476582100B1BC24 /* pngread.c in Sources */ = {isa = PBXBuildFile; fileRef = EAD797571476582100B1BC24 /* pngread.c */; };
		EAD7976B1476582100B1BC24 /* pngrio.c in Sources */ = {isa = PBXBuildFile; fileRef = EAD797581476582100B1BC24 /* pngrio.c */; };
		EAD7976C1476582100B1BC24 /* pngrtran.c in Sources */ = {isa = PBXBuildFile; fileRef = EAD797591476582100B1BC24 /* pngrtran.c */; };
		EAD7976D1476582100B1BC24 /* pngrutil.c in Sources */ = {isa = PBXBuildFile; fileRef = EAD7975A1476582100B1BC24 /* pngrutil.c */; };
		EAD7976E1476582100B1BC24 /* pngset.c in Sources */ = {isa = PBXBuildFile; fileRef = EAD7975B1476582100B1BC24 /* pngset.c */; };
		EAD7976F1476582100B1BC24 /* pngtrans.c in Sources */ = {isa = PBXBuildFile; fileRef = EAD7975C1476582100B1BC24 /* pngtrans.c */; };
		EAD797701476582100B1BC24 /* pngwio.c in Sources */ = {isa = PBXBuildFile; fileRef = EAD7975D1476582100B1BC24 /* pngwio.c */; };
		EAD797711476582100B1BC24 /* pngwrite.c in Sources */ = {isa = PBXBuildFile; fileRef = EAD7975E1476582100B1BC24 /* pngwrite.c */; };
		EAD797721476582100B1BC24 /* pngwtran.c in Sources */ = {isa = PBXBuildFile; fileRef = EAD7975F1476582100B1BC24 /* pngwtran.c */; };
		EAD797731476582100B1BC24 /* pngwutil.c in Sources */ = {isa = PBXBuildFile; fileRef = EAD797601476582100B1BC24 /* pngwutil.c */; };
/* End PBXBuildFile section */

/* Begin PBXFileReference section */
		EAD7973E147657E700B1BC24 /* liblibpng.a */ = {isa = PBXFileReference; explicitFileType = archive.ar; includeInIndex = 0; path = liblibpng.a; sourceTree = BUILT_PRODUCTS_DIR; };
		EAD79741147657E700B1BC24 /* Foundation.framework */ = {isa = PBXFileReference; lastKnownFileType = wrapper.framework; name = Foundation.framework; path = System/Library/Frameworks/Foundation.framework; sourceTree = SDKROOT; };
		EAD7974E1476582100B1BC24 /* config.h */ = {isa = PBXFileReference; fileEncoding = 4; lastKnownFileType = sourcecode.c.h; path = config.h; sourceTree = SOURCE_ROOT; };
		EAD7974F1476582100B1BC24 /* png.c */ = {isa = PBXFileReference; fileEncoding = 4; lastKnownFileType = sourcecode.c.c; path = png.c; sourceTree = SOURCE_ROOT; };
		EAD797501476582100B1BC24 /* png.h */ = {isa = PBXFileReference; fileEncoding = 4; lastKnownFileType = sourcecode.c.h; path = png.h; sourceTree = SOURCE_ROOT; };
		EAD797511476582100B1BC24 /* pngconf.h */ = {isa = PBXFileReference; fileEncoding = 4; lastKnownFileType = sourcecode.c.h; path = pngconf.h; sourceTree = SOURCE_ROOT; };
		EAD797521476582100B1BC24 /* pngerror.c */ = {isa = PBXFileReference; fileEncoding = 4; lastKnownFileType = sourcecode.c.c; path = pngerror.c; sourceTree = SOURCE_ROOT; };
		EAD797531476582100B1BC24 /* pngget.c */ = {isa = PBXFileReference; fileEncoding = 4; lastKnownFileType = sourcecode.c.c; path = pngget.c; sourceTree = SOURCE_ROOT; };
		EAD797541476582100B1BC24 /* pngmem.c */ = {isa = PBXFileReference; fileEncoding = 4; lastKnownFileType = sourcecode.c.c; path = pngmem.c; sourceTree = SOURCE_ROOT; };
		EAD797551476582100B1BC24 /* pngpread.c */ = {isa = PBXFileReference; fileEncoding = 4; lastKnownFileType = sourcecode.c.c; path = pngpread.c; sourceTree = SOURCE_ROOT; };
		EAD797561476582100B1BC24 /* pngpriv.h */ = {isa = PBXFileReference; fileEncoding = 4; lastKnownFileType = sourcecode.c.h; path = pngpriv.h; sourceTree = SOURCE_ROOT; };
		EAD797571476582100B1BC24 /* pngread.c */ = {isa = PBXFileReference; fileEncoding = 4; lastKnownFileType = sourcecode.c.c; path = pngread.c; sourceTree = SOURCE_ROOT; };
		EAD797581476582100B1BC24 /* pngrio.c */ = {isa = PBXFileReference; fileEncoding = 4; lastKnownFileType = sourcecode.c.c; path = pngrio.c; sourceTree = SOURCE_ROOT; };
		EAD797591476582100B1BC24 /* pngrtran.c */ = {isa = PBXFileReference; fileEncoding = 4; lastKnownFileType = sourcecode.c.c; path = pngrtran.c; sourceTree = SOURCE_ROOT; };
		EAD7975A1476582100B1BC24 /* pngrutil.c */ = {isa = PBXFileReference; fileEncoding = 4; lastKnownFileType = sourcecode.c.c; path = pngrutil.c; sourceTree = SOURCE_ROOT; };
		EAD7975B1476582100B1BC24 /* pngset.c */ = {isa = PBXFileReference; fileEncoding = 4; lastKnownFileType = sourcecode.c.c; path = pngset.c; sourceTree = SOURCE_ROOT; };
		EAD7975C1476582100B1BC24 /* pngtrans.c */ = {isa = PBXFileReference; fileEncoding = 4; lastKnownFileType = sourcecode.c.c; path = pngtrans.c; sourceTree = SOURCE_ROOT; };
		EAD7975D1476582100B1BC24 /* pngwio.c */ = {isa = PBXFileReference; fileEncoding = 4; lastKnownFileType = sourcecode.c.c; path = pngwio.c; sourceTree = SOURCE_ROOT; };
		EAD7975E1476582100B1BC24 /* pngwrite.c */ = {isa = PBXFileReference; fileEncoding = 4; lastKnownFileType = sourcecode.c.c; path = pngwrite.c; sourceTree = SOURCE_ROOT; };
		EAD7975F1476582100B1BC24 /* pngwtran.c */ = {isa = PBXFileReference; fileEncoding = 4; lastKnownFileType = sourcecode.c.c; path = pngwtran.c; sourceTree = SOURCE_ROOT; };
		EAD797601476582100B1BC24 /* pngwutil.c */ = {isa = PBXFileReference; fileEncoding = 4; lastKnownFileType = sourcecode.c.c; path = pngwutil.c; sourceTree = SOURCE_ROOT; };
/* End PBXFileReference section */

/* Begin PBXFrameworksBuildPhase section */
		EAD7973B147657E700B1BC24 /* Frameworks */ = {
			isa = PBXFrameworksBuildPhase;
			buildActionMask = 2147483647;
			files = (
				EAD79742147657E700B1BC24 /* Foundation.framework in Frameworks */,
			);
			runOnlyForDeploymentPostprocessing = 0;
		};
/* End PBXFrameworksBuildPhase section */

/* Begin PBXGroup section */
		EAD79733147657E700B1BC24 = {
			isa = PBXGroup;
			children = (
				EAD79743147657E700B1BC24 /* libpng */,
				EAD79740147657E700B1BC24 /* Frameworks */,
				EAD7973F147657E700B1BC24 /* Products */,
			);
			sourceTree = "<group>";
		};
		EAD7973F147657E700B1BC24 /* Products */ = {
			isa = PBXGroup;
			children = (
				EAD7973E147657E700B1BC24 /* liblibpng.a */,
			);
			name = Products;
			sourceTree = "<group>";
		};
		EAD79740147657E700B1BC24 /* Frameworks */ = {
			isa = PBXGroup;
			children = (
				EAD79741147657E700B1BC24 /* Foundation.framework */,
			);
			name = Frameworks;
			sourceTree = "<group>";
		};
		EAD79743147657E700B1BC24 /* libpng */ = {
			isa = PBXGroup;
			children = (
				EAD7974E1476582100B1BC24 /* config.h */,
				EAD7974F1476582100B1BC24 /* png.c */,
				EAD797501476582100B1BC24 /* png.h */,
				EAD797511476582100B1BC24 /* pngconf.h */,
				EAD797521476582100B1BC24 /* pngerror.c */,
				EAD797531476582100B1BC24 /* pngget.c */,
				EAD797541476582100B1BC24 /* pngmem.c */,
				EAD797551476582100B1BC24 /* pngpread.c */,
				EAD797561476582100B1BC24 /* pngpriv.h */,
				EAD797571476582100B1BC24 /* pngread.c */,
				EAD797581476582100B1BC24 /* pngrio.c */,
				EAD797591476582100B1BC24 /* pngrtran.c */,
				EAD7975A1476582100B1BC24 /* pngrutil.c */,
				EAD7975B1476582100B1BC24 /* pngset.c */,
				EAD7975C1476582100B1BC24 /* pngtrans.c */,
				EAD7975D1476582100B1BC24 /* pngwio.c */,
				EAD7975E1476582100B1BC24 /* pngwrite.c */,
				EAD7975F1476582100B1BC24 /* pngwtran.c */,
				EAD797601476582100B1BC24 /* pngwutil.c */,
			);
			path = libpng;
			sourceTree = "<group>";
		};
/* End PBXGroup section */

/* Begin PBXHeadersBuildPhase section */
		EAD7973C147657E700B1BC24 /* Headers */ = {
			isa = PBXHeadersBuildPhase;
			buildActionMask = 2147483647;
			files = (
				EAD797611476582100B1BC24 /* config.h in Headers */,
				EAD797631476582100B1BC24 /* png.h in Headers */,
				EAD797641476582100B1BC24 /* pngconf.h in Headers */,
				EAD797691476582100B1BC24 /* pngpriv.h in Headers */,
			);
			runOnlyForDeploymentPostprocessing = 0;
		};
/* End PBXHeadersBuildPhase section */

/* Begin PBXNativeTarget section */
		EAD7973D147657E700B1BC24 /* libpng */ = {
			isa = PBXNativeTarget;
			buildConfigurationList = EAD7974B147657E700B1BC24 /* Build configuration list for PBXNativeTarget "libpng" */;
			buildPhases = (
				EAD7973A147657E700B1BC24 /* Sources */,
				EAD7973B147657E700B1BC24 /* Frameworks */,
				EAD7973C147657E700B1BC24 /* Headers */,
			);
			buildRules = (
			);
			dependencies = (
			);
			name = libpng;
			productName = libpng;
			productReference = EAD7973E147657E700B1BC24 /* liblibpng.a */;
			productType = "com.apple.product-type.library.static";
		};
/* End PBXNativeTarget section */

/* Begin PBXProject section */
		EAD79735147657E700B1BC24 /* Project object */ = {
			isa = PBXProject;
			attributes = {
				LastUpgradeCheck = 0420;
			};
			buildConfigurationList = EAD79738147657E700B1BC24 /* Build configuration list for PBXProject "libpng" */;
			compatibilityVersion = "Xcode 3.2";
			developmentRegion = English;
			hasScannedForEncodings = 0;
			knownRegions = (
				en,
			);
			mainGroup = EAD79733147657E700B1BC24;
			productRefGroup = EAD7973F147657E700B1BC24 /* Products */;
			projectDirPath = "";
			projectRoot = "";
			targets = (
				EAD7973D147657E700B1BC24 /* libpng */,
			);
		};
/* End PBXProject section */

/* Begin PBXSourcesBuildPhase section */
		EAD7973A147657E700B1BC24 /* Sources */ = {
			isa = PBXSourcesBuildPhase;
			buildActionMask = 2147483647;
			files = (
				EAD797621476582100B1BC24 /* png.c in Sources */,
				EAD797651476582100B1BC24 /* pngerror.c in Sources */,
				EAD797661476582100B1BC24 /* pngget.c in Sources */,
				EAD797671476582100B1BC24 /* pngmem.c in Sources */,
				EAD797681476582100B1BC24 /* pngpread.c in Sources */,
				EAD7976A1476582100B1BC24 /* pngread.c in Sources */,
				EAD7976B1476582100B1BC24 /* pngrio.c in Sources */,
				EAD7976C1476582100B1BC24 /* pngrtran.c in Sources */,
				EAD7976D1476582100B1BC24 /* pngrutil.c in Sources */,
				EAD7976E1476582100B1BC24 /* pngset.c in Sources */,
				EAD7976F1476582100B1BC24 /* pngtrans.c in Sources */,
				EAD797701476582100B1BC24 /* pngwio.c in Sources */,
				EAD797711476582100B1BC24 /* pngwrite.c in Sources */,
				EAD797721476582100B1BC24 /* pngwtran.c in Sources */,
				EAD797731476582100B1BC24 /* pngwutil.c in Sources */,
			);
			runOnlyForDeploymentPostprocessing = 0;
		};
/* End PBXSourcesBuildPhase section */

/* Begin XCBuildConfiguration section */
		EAD79749147657E700B1BC24 /* Debug */ = {
			isa = XCBuildConfiguration;
			buildSettings = {
				ALWAYS_SEARCH_USER_PATHS = NO;
				ARCHS = "$(ARCHS_STANDARD_32_BIT)";
				COPY_PHASE_STRIP = NO;
				GCC_C_LANGUAGE_STANDARD = gnu99;
				GCC_DYNAMIC_NO_PIC = NO;
				GCC_OPTIMIZATION_LEVEL = 0;
				GCC_PREPROCESSOR_DEFINITIONS = (
					"DEBUG=1",
					"$(inherited)",
				);
				GCC_SYMBOLS_PRIVATE_EXTERN = NO;
				GCC_VERSION = com.apple.compilers.llvm.clang.1_0;
				GCC_WARN_ABOUT_MISSING_PROTOTYPES = YES;
				GCC_WARN_ABOUT_RETURN_TYPE = YES;
				GCC_WARN_UNUSED_VARIABLE = YES;
				IPHONEOS_DEPLOYMENT_TARGET = 5.0;
				SDKROOT = iphoneos;
			};
			name = Debug;
		};
		EAD7974A147657E700B1BC24 /* Release */ = {
			isa = XCBuildConfiguration;
			buildSettings = {
				ALWAYS_SEARCH_USER_PATHS = NO;
				ARCHS = "$(ARCHS_STANDARD_32_BIT)";
				COPY_PHASE_STRIP = YES;
				GCC_C_LANGUAGE_STANDARD = gnu99;
				GCC_VERSION = com.apple.compilers.llvm.clang.1_0;
				GCC_WARN_ABOUT_MISSING_PROTOTYPES = YES;
				GCC_WARN_ABOUT_RETURN_TYPE = YES;
				GCC_WARN_UNUSED_VARIABLE = YES;
				IPHONEOS_DEPLOYMENT_TARGET = 5.0;
				SDKROOT = iphoneos;
				VALIDATE_PRODUCT = YES;
			};
			name = Release;
		};
		EAD7974C147657E700B1BC24 /* Debug */ = {
			isa = XCBuildConfiguration;
			buildSettings = {
				DSTROOT = /tmp/libpng.dst;
				OTHER_LDFLAGS = "-ObjC";
				PRODUCT_NAME = "$(TARGET_NAME)";
				SKIP_INSTALL = YES;
			};
			name = Debug;
		};
		EAD7974D147657E700B1BC24 /* Release */ = {
			isa = XCBuildConfiguration;
			buildSettings = {
				DSTROOT = /tmp/libpng.dst;
				OTHER_LDFLAGS = "-ObjC";
				PRODUCT_NAME = "$(TARGET_NAME)";
				SKIP_INSTALL = YES;
			};
			name = Release;
		};
/* End XCBuildConfiguration section */

/* Begin XCConfigurationList section */
		EAD79738147657E700B1BC24 /* Build configuration list for PBXProject "libpng" */ = {
			isa = XCConfigurationList;
			buildConfigurations = (
				EAD79749147657E700B1BC24 /* Debug */,
				EAD7974A147657E700B1BC24 /* Release */,
			);
			defaultConfigurationIsVisible = 0;
			defaultConfigurationName = Release;
		};
		EAD7974B147657E700B1BC24 /* Build configuration list for PBXNativeTarget "libpng" */ = {
			isa = XCConfigurationList;
			buildConfigurations = (
				EAD7974C147657E700B1BC24 /* Debug */,
				EAD7974D147657E700B1BC24 /* Release */,
			);
			defaultConfigurationIsVisible = 0;
		};
/* End XCConfigurationList section */
	};
	rootObject = EAD79735147657E700B1BC24 /* Project object */;
}
