
Microsoft Visual Studio Solution File, Format Version 11.00
# Visual Studio 2010
Project("{8BC9CEB8-8B4A-11D0-8D11-00A0C91BC942}") = "sora", "sora\sora.vcxproj", "{9A962FBD-B545-4640-8F5F-1A5D3403306D}"
EndProject
Project("{8BC9CEB8-8B4A-11D0-8D11-00A0C91BC942}") = "soraTest", "soraTest\soraTest.vcxproj", "{3FD548D8-D95D-4AD7-8E03-BD25BBC083F5}"
EndProject
Project("{8BC9CEB8-8B4A-11D0-8D11-00A0C91BC942}") = "kurisuSample", "kurisuSample\kurisuSample.vcxproj", "{8FD28FE3-D2A8-4722-B2AC-388B7F1FADDD}"
EndProject
Project("{2150E333-8FDC-42A3-9474-1A3956D46DE8}") = "unittest", "unittest", "{FD595C9F-774E-4671-AA7F-B11FE14C9CA3}"
EndProject
Project("{2150E333-8FDC-42A3-9474-1A3956D46DE8}") = "third_party", "third_party", "{24D57B53-021C-47B1-BC00-F90A602E63FA}"
EndProject
Project("{2150E333-8FDC-42A3-9474-1A3956D46DE8}") = "lib", "lib", "{9EC53A06-8D0E-4956-98B2-9E87FBE883DB}"
EndProject
Project("{2150E333-8FDC-42A3-9474-1A3956D46DE8}") = "example", "example", "{763E79B0-473E-4709-8893-A404D2A029F2}"
EndProject
Project("{8BC9CEB8-8B4A-11D0-8D11-00A0C91BC942}") = "base", "base\base.vcxproj", "{2BFEDE28-2DFB-4891-B535-4288C002F4AB}"
EndProject
Project("{8BC9CEB8-8B4A-11D0-8D11-00A0C91BC942}") = "base_test", "base_test\base_test.vcxproj", "{80FAC6CC-11EE-46E9-A992-630434A02935}"
EndProject
Global
	GlobalSection(SolutionConfigurationPlatforms) = preSolution
		Debug|Win32 = Debug|Win32
		Release|Win32 = Release|Win32
	EndGlobalSection
	GlobalSection(ProjectConfigurationPlatforms) = postSolution
		{9A962FBD-B545-4640-8F5F-1A5D3403306D}.Debug|Win32.ActiveCfg = Debug|Win32
		{9A962FBD-B545-4640-8F5F-1A5D3403306D}.Debug|Win32.Build.0 = Debug|Win32
		{9A962FBD-B545-4640-8F5F-1A5D3403306D}.Release|Win32.ActiveCfg = Release|Win32
		{9A962FBD-B545-4640-8F5F-1A5D3403306D}.Release|Win32.Build.0 = Release|Win32
		{3FD548D8-D95D-4AD7-8E03-BD25BBC083F5}.Debug|Win32.ActiveCfg = Debug|Win32
		{3FD548D8-D95D-4AD7-8E03-BD25BBC083F5}.Debug|Win32.Build.0 = Debug|Win32
		{3FD548D8-D95D-4AD7-8E03-BD25BBC083F5}.Release|Win32.ActiveCfg = Release|Win32
		{3FD548D8-D95D-4AD7-8E03-BD25BBC083F5}.Release|Win32.Build.0 = Release|Win32
		{8FD28FE3-D2A8-4722-B2AC-388B7F1FADDD}.Debug|Win32.ActiveCfg = Debug|Win32
		{8FD28FE3-D2A8-4722-B2AC-388B7F1FADDD}.Debug|Win32.Build.0 = Debug|Win32
		{8FD28FE3-D2A8-4722-B2AC-388B7F1FADDD}.Release|Win32.ActiveCfg = Release|Win32
		{8FD28FE3-D2A8-4722-B2AC-388B7F1FADDD}.Release|Win32.Build.0 = Release|Win32
		{2BFEDE28-2DFB-4891-B535-4288C002F4AB}.Debug|Win32.ActiveCfg = Debug|Win32
		{2BFEDE28-2DFB-4891-B535-4288C002F4AB}.Debug|Win32.Build.0 = Debug|Win32
		{2BFEDE28-2DFB-4891-B535-4288C002F4AB}.Release|Win32.ActiveCfg = Release|Win32
		{2BFEDE28-2DFB-4891-B535-4288C002F4AB}.Release|Win32.Build.0 = Release|Win32
		{80FAC6CC-11EE-46E9-A992-630434A02935}.Debug|Win32.ActiveCfg = Debug|Win32
		{80FAC6CC-11EE-46E9-A992-630434A02935}.Debug|Win32.Build.0 = Debug|Win32
		{80FAC6CC-11EE-46E9-A992-630434A02935}.Release|Win32.ActiveCfg = Release|Win32
		{80FAC6CC-11EE-46E9-A992-630434A02935}.Release|Win32.Build.0 = Release|Win32
	EndGlobalSection
	GlobalSection(SolutionProperties) = preSolution
		HideSolutionNode = FALSE
	EndGlobalSection
	GlobalSection(NestedProjects) = preSolution
		{3FD548D8-D95D-4AD7-8E03-BD25BBC083F5} = {FD595C9F-774E-4671-AA7F-B11FE14C9CA3}
		{80FAC6CC-11EE-46E9-A992-630434A02935} = {FD595C9F-774E-4671-AA7F-B11FE14C9CA3}
		{9A962FBD-B545-4640-8F5F-1A5D3403306D} = {9EC53A06-8D0E-4956-98B2-9E87FBE883DB}
		{2BFEDE28-2DFB-4891-B535-4288C002F4AB} = {9EC53A06-8D0E-4956-98B2-9E87FBE883DB}
		{8FD28FE3-D2A8-4722-B2AC-388B7F1FADDD} = {763E79B0-473E-4709-8893-A404D2A029F2}
	EndGlobalSection
EndGlobal
