
Microsoft Visual Studio Solution File, Format Version 11.00
# Visual Studio 2010
Project("{8BC9CEB8-8B4A-11D0-8D11-00A0C91BC942}") = "sora_test", "sora_test\sora_test.vcxproj", "{98FFED31-7CF9-4307-AB86-120905A265CA}"
EndProject
Project("{8BC9CEB8-8B4A-11D0-8D11-00A0C91BC942}") = "sora", "sora\sora.vcxproj", "{6451C89B-1FEF-4BC5-812A-BF84A8C21919}"
EndProject
Global
	GlobalSection(SolutionConfigurationPlatforms) = preSolution
		Debug|Win32 = Debug|Win32
		Release|Win32 = Release|Win32
	EndGlobalSection
	GlobalSection(ProjectConfigurationPlatforms) = postSolution
		{98FFED31-7CF9-4307-AB86-120905A265CA}.Debug|Win32.ActiveCfg = Debug|Win32
		{98FFED31-7CF9-4307-AB86-120905A265CA}.Debug|Win32.Build.0 = Debug|Win32
		{98FFED31-7CF9-4307-AB86-120905A265CA}.Release|Win32.ActiveCfg = Release|Win32
		{98FFED31-7CF9-4307-AB86-120905A265CA}.Release|Win32.Build.0 = Release|Win32
		{6451C89B-1FEF-4BC5-812A-BF84A8C21919}.Debug|Win32.ActiveCfg = Debug|Win32
		{6451C89B-1FEF-4BC5-812A-BF84A8C21919}.Debug|Win32.Build.0 = Debug|Win32
		{6451C89B-1FEF-4BC5-812A-BF84A8C21919}.Release|Win32.ActiveCfg = Release|Win32
		{6451C89B-1FEF-4BC5-812A-BF84A8C21919}.Release|Win32.Build.0 = Release|Win32
	EndGlobalSection
	GlobalSection(SolutionProperties) = preSolution
		HideSolutionNode = FALSE
	EndGlobalSection
EndGlobal
