<?xml version="1.0" encoding="utf-8"?>
<Project ToolsVersion="4.0" xmlns="http://schemas.microsoft.com/developer/msbuild/2003">
  <ItemGroup>
    <Filter Include="Source Files">
      <UniqueIdentifier>{4FC737F1-C7A5-4376-A066-2A32D752A2FF}</UniqueIdentifier>
      <Extensions>cpp;c;cc;cxx;def;odl;idl;hpj;bat;asm;asmx</Extensions>
    </Filter>
    <Filter Include="Header Files">
      <UniqueIdentifier>{93995380-89BD-4b04-88EB-625FBE52EBFB}</UniqueIdentifier>
      <Extensions>h;hpp;hxx;hm;inl;inc;xsd</Extensions>
    </Filter>
    <Filter Include="Resource Files">
      <UniqueIdentifier>{67DA6AB6-F800-4c08-8B7A-83BB121AAD01}</UniqueIdentifier>
      <Extensions>rc;ico;cur;bmp;dlg;rc2;rct;bin;rgs;gif;jpg;jpeg;jpe;resx;tiff;tif;png;wav;mfcribbon-ms</Extensions>
    </Filter>
    <Filter Include="aki">
      <UniqueIdentifier>{907adf8b-9823-44d2-8b85-a98094d52858}</UniqueIdentifier>
    </Filter>
    <Filter Include="runa">
      <UniqueIdentifier>{78270e7a-e24e-41d8-b4ac-0fd9d739ce5a}</UniqueIdentifier>
    </Filter>
  </ItemGroup>
  <ItemGroup>
    <ClCompile Include="precompile.cpp">
      <Filter>Source Files</Filter>
    </ClCompile>
    <ClCompile Include="runa\shader_location.cc">
      <Filter>runa</Filter>
    </ClCompile>
    <ClCompile Include="runa\shader_program.cc">
      <Filter>runa</Filter>
    </ClCompile>
    <ClCompile Include="runa\uber_shader.cc">
      <Filter>runa</Filter>
    </ClCompile>
    <ClCompile Include="runa\vbo.cc">
      <Filter>runa</Filter>
    </ClCompile>
    <ClCompile Include="aki\image_loader_soil.cc">
      <Filter>aki</Filter>
    </ClCompile>
    <ClCompile Include="aki\image_description.cc">
      <Filter>aki</Filter>
    </ClCompile>
    <ClCompile Include="aki\image.cc">
      <Filter>aki</Filter>
    </ClCompile>
    <ClCompile Include="aki\texture.cc">
      <Filter>aki</Filter>
    </ClCompile>
    <ClCompile Include="runa\gl_tool.cc">
      <Filter>runa</Filter>
    </ClCompile>
  </ItemGroup>
  <ItemGroup>
    <ClInclude Include="aki\image_loader_soil.h">
      <Filter>aki</Filter>
    </ClInclude>
    <ClInclude Include="aki\texture.h">
      <Filter>aki</Filter>
    </ClInclude>
    <ClInclude Include="aki\aki_enum.h">
      <Filter>aki</Filter>
    </ClInclude>
    <ClInclude Include="aki\image.h">
      <Filter>aki</Filter>
    </ClInclude>
    <ClInclude Include="precompile.h">
      <Filter>Header Files</Filter>
    </ClInclude>
    <ClInclude Include="runa\shader_program.h">
      <Filter>runa</Filter>
    </ClInclude>
    <ClInclude Include="runa\uber_shader.h">
      <Filter>runa</Filter>
    </ClInclude>
    <ClInclude Include="runa\vbo.h">
      <Filter>runa</Filter>
    </ClInclude>
    <ClInclude Include="runa\runa_enum.h">
      <Filter>runa</Filter>
    </ClInclude>
    <ClInclude Include="runa\shader.h">
      <Filter>runa</Filter>
    </ClInclude>
    <ClInclude Include="runa\shader_location.h">
      <Filter>runa</Filter>
    </ClInclude>
    <ClInclude Include="runa\shader_impl.h">
      <Filter>runa</Filter>
    </ClInclude>
    <ClInclude Include="aki\image_description.h">
      <Filter>aki</Filter>
    </ClInclude>
    <ClInclude Include="aki\texture_impl.h">
      <Filter>aki</Filter>
    </ClInclude>
    <ClInclude Include="runa\gl_tool.h">
      <Filter>runa</Filter>
    </ClInclude>
  </ItemGroup>
</Project>