<?xml version="1.0" encoding="utf-8"?>
<Project ToolsVersion="4.0" xmlns="http://schemas.microsoft.com/developer/msbuild/2003">
  <ItemGroup>
    <Filter Include="core">
      <UniqueIdentifier>{7d72fe86-4344-4669-93ef-0108506af2d9}</UniqueIdentifier>
    </Filter>
    <Filter Include="sdk">
      <UniqueIdentifier>{b0b6d8ff-5200-460f-88d0-1ebc9935c322}</UniqueIdentifier>
    </Filter>
    <Filter Include="support">
      <UniqueIdentifier>{93995380-89BD-4b04-88EB-625FBE52EBFB}</UniqueIdentifier>
      <Extensions>h;hpp;hxx;hm;inl;inc;xsd</Extensions>
    </Filter>
    <Filter Include="sdk\lodepng">
      <UniqueIdentifier>{ba0d8e2b-7aa3-4b06-a0f7-f4d3c6b5c943}</UniqueIdentifier>
    </Filter>
    <Filter Include="sdk\vincent">
      <UniqueIdentifier>{6ebe6cb7-522d-481a-b7b1-5ce8a670595b}</UniqueIdentifier>
    </Filter>
    <Filter Include="cbes">
      <UniqueIdentifier>{5ccddd79-4d93-4fd2-9385-12a97ac93b4a}</UniqueIdentifier>
    </Filter>
    <Filter Include="sys">
      <UniqueIdentifier>{795d0241-e4df-4d6d-9b84-4d223b2bb0bf}</UniqueIdentifier>
    </Filter>
    <Filter Include="renderer">
      <UniqueIdentifier>{8e36d648-98db-4b5a-b12d-13efc65cd515}</UniqueIdentifier>
    </Filter>
    <Filter Include="event">
      <UniqueIdentifier>{5b172744-a4e4-4aaa-96b5-0607e780fa7f}</UniqueIdentifier>
    </Filter>
    <Filter Include="sdk\soil">
      <UniqueIdentifier>{676724de-b9dd-476e-b498-ac1125d85eab}</UniqueIdentifier>
    </Filter>
    <Filter Include="mesh">
      <UniqueIdentifier>{38882dde-c366-4631-85e6-6e77d98f7702}</UniqueIdentifier>
    </Filter>
    <Filter Include="renderer\gl">
      <UniqueIdentifier>{b7ba486f-8281-4238-b020-84e1e1cc1068}</UniqueIdentifier>
    </Filter>
    <Filter Include="mem">
      <UniqueIdentifier>{21937df2-c6c5-461e-9518-bb4c61ee925c}</UniqueIdentifier>
    </Filter>
    <Filter Include="math">
      <UniqueIdentifier>{c58512e0-bb44-4dac-b1f4-bdf4a23da249}</UniqueIdentifier>
    </Filter>
  </ItemGroup>
  <ItemGroup>
    <ClCompile Include="sora_stdafx.cpp">
      <Filter>support</Filter>
    </ClCompile>
    <ClCompile Include="lodepng\lodepng.cpp">
      <Filter>sdk\lodepng</Filter>
    </ClCompile>
    <ClCompile Include="soil\image_DXT.cpp">
      <Filter>sdk\soil</Filter>
    </ClCompile>
    <ClCompile Include="soil\image_helper.cpp">
      <Filter>sdk\soil</Filter>
    </ClCompile>
    <ClCompile Include="soil\SOIL.cpp">
      <Filter>sdk\soil</Filter>
    </ClCompile>
    <ClCompile Include="soil\stb_image_aug.cpp">
      <Filter>sdk\soil</Filter>
    </ClCompile>
    <ClCompile Include="component_list.cpp">
      <Filter>cbes</Filter>
    </ClCompile>
    <ClCompile Include="entity.cpp">
      <Filter>cbes</Filter>
    </ClCompile>
    <ClCompile Include="world.cpp">
      <Filter>cbes</Filter>
    </ClCompile>
    <ClCompile Include="component.cpp">
      <Filter>cbes</Filter>
    </ClCompile>
    <ClCompile Include="common_string.cpp">
      <Filter>core</Filter>
    </ClCompile>
    <ClCompile Include="logger.cpp">
      <Filter>core</Filter>
    </ClCompile>
    <ClCompile Include="string_hash.cpp">
      <Filter>core</Filter>
    </ClCompile>
    <ClCompile Include="timer.cpp">
      <Filter>core</Filter>
    </ClCompile>
    <ClCompile Include="vertex.cpp">
      <Filter>core</Filter>
    </ClCompile>
    <ClCompile Include="arch.cpp">
      <Filter>core</Filter>
    </ClCompile>
    <ClCompile Include="touch_device.cpp">
      <Filter>event</Filter>
    </ClCompile>
    <ClCompile Include="freeglut_font.cpp">
      <Filter>mesh</Filter>
    </ClCompile>
    <ClCompile Include="freeglut_stroke_mono_roman.cpp">
      <Filter>mesh</Filter>
    </ClCompile>
    <ClCompile Include="freeglut_stroke_roman.cpp">
      <Filter>mesh</Filter>
    </ClCompile>
    <ClCompile Include="geometric_object.cpp">
      <Filter>mesh</Filter>
    </ClCompile>
    <ClCompile Include="parametric_surface.cpp">
      <Filter>mesh</Filter>
    </ClCompile>
    <ClCompile Include="texture.cpp">
      <Filter>renderer</Filter>
    </ClCompile>
    <ClCompile Include="uber_shader.cpp">
      <Filter>renderer</Filter>
    </ClCompile>
    <ClCompile Include="image.cpp">
      <Filter>renderer</Filter>
    </ClCompile>
    <ClCompile Include="material.cpp">
      <Filter>renderer</Filter>
    </ClCompile>
    <ClCompile Include="matrix_stack.cpp">
      <Filter>renderer</Filter>
    </ClCompile>
    <ClCompile Include="mesh_buffer.cpp">
      <Filter>renderer</Filter>
    </ClCompile>
    <ClCompile Include="post_effect.cpp">
      <Filter>renderer</Filter>
    </ClCompile>
    <ClCompile Include="shader.cpp">
      <Filter>renderer</Filter>
    </ClCompile>
    <ClCompile Include="shader_variable.cpp">
      <Filter>renderer</Filter>
    </ClCompile>
    <ClCompile Include="sys_font.cpp">
      <Filter>renderer</Filter>
    </ClCompile>
    <ClCompile Include="gl_env.cpp">
      <Filter>renderer\gl</Filter>
    </ClCompile>
    <ClCompile Include="gl_frame_buffer.cpp">
      <Filter>renderer\gl</Filter>
    </ClCompile>
    <ClCompile Include="gl_render_device.cpp">
      <Filter>renderer\gl</Filter>
    </ClCompile>
    <ClCompile Include="gl_renderer.cpp">
      <Filter>renderer\gl</Filter>
    </ClCompile>
    <ClCompile Include="gl_shader.cpp">
      <Filter>renderer\gl</Filter>
    </ClCompile>
    <ClCompile Include="gl_shader_variable.cpp">
      <Filter>renderer\gl</Filter>
    </ClCompile>
    <ClCompile Include="gl_texture.cpp">
      <Filter>renderer\gl</Filter>
    </ClCompile>
    <ClCompile Include="gl_uber_shader_renderer.cpp">
      <Filter>renderer\gl</Filter>
    </ClCompile>
    <ClCompile Include="device.cpp">
      <Filter>sys</Filter>
    </ClCompile>
    <ClCompile Include="filesystem.cpp">
      <Filter>sys</Filter>
    </ClCompile>
    <ClCompile Include="low_level_c_file.cpp">
      <Filter>sys</Filter>
    </ClCompile>
    <ClCompile Include="memory_file.cpp">
      <Filter>sys</Filter>
    </ClCompile>
    <ClCompile Include="sys_locale.cpp">
      <Filter>sys</Filter>
    </ClCompile>
    <ClCompile Include="zip_stream_file.cpp">
      <Filter>sys</Filter>
    </ClCompile>
    <ClCompile Include="mem.cpp">
      <Filter>mem</Filter>
    </ClCompile>
    <ClCompile Include="free_list_block_pool.cpp">
      <Filter>mem</Filter>
    </ClCompile>
    <ClCompile Include="heap.cpp">
      <Filter>mem</Filter>
    </ClCompile>
    <ClCompile Include="stack_allocator.cpp">
      <Filter>mem</Filter>
    </ClCompile>
    <ClCompile Include="math_helper.cpp">
      <Filter>math</Filter>
    </ClCompile>
    <ClCompile Include="str_code.cpp">
      <Filter>core</Filter>
    </ClCompile>
    <ClCompile Include="sys_var.cpp">
      <Filter>core</Filter>
    </ClCompile>
  </ItemGroup>
  <ItemGroup>
    <ClInclude Include="sora_stdafx.h">
      <Filter>support</Filter>
    </ClInclude>
    <ClInclude Include="lodepng\lodepng.h">
      <Filter>sdk\lodepng</Filter>
    </ClInclude>
    <ClInclude Include="..\sdk\vincent\vincent.h">
      <Filter>sdk\vincent</Filter>
    </ClInclude>
    <ClInclude Include="soil\image_helper.h">
      <Filter>sdk\soil</Filter>
    </ClInclude>
    <ClInclude Include="soil\SOIL.h">
      <Filter>sdk\soil</Filter>
    </ClInclude>
    <ClInclude Include="soil\stb_image_aug.h">
      <Filter>sdk\soil</Filter>
    </ClInclude>
    <ClInclude Include="soil\stbi_DDS_aug.h">
      <Filter>sdk\soil</Filter>
    </ClInclude>
    <ClInclude Include="soil\stbi_DDS_aug_c.h">
      <Filter>sdk\soil</Filter>
    </ClInclude>
    <ClInclude Include="soil\image_DXT.h">
      <Filter>sdk\soil</Filter>
    </ClInclude>
    <ClInclude Include="component.h">
      <Filter>cbes</Filter>
    </ClInclude>
    <ClInclude Include="component_list.h">
      <Filter>cbes</Filter>
    </ClInclude>
    <ClInclude Include="entity.h">
      <Filter>cbes</Filter>
    </ClInclude>
    <ClInclude Include="world.h">
      <Filter>cbes</Filter>
    </ClInclude>
    <ClInclude Include="assert_inc.h">
      <Filter>core</Filter>
    </ClInclude>
    <ClInclude Include="class_type.h">
      <Filter>core</Filter>
    </ClInclude>
    <ClInclude Include="common_string.h">
      <Filter>core</Filter>
    </ClInclude>
    <ClInclude Include="id_generator.h">
      <Filter>core</Filter>
    </ClInclude>
    <ClInclude Include="logger.h">
      <Filter>core</Filter>
    </ClInclude>
    <ClInclude Include="rect.h">
      <Filter>core</Filter>
    </ClInclude>
    <ClInclude Include="shared_ptr_inc.h">
      <Filter>core</Filter>
    </ClInclude>
    <ClInclude Include="string_code_dictionary.h">
      <Filter>core</Filter>
    </ClInclude>
    <ClInclude Include="string_hash.h">
      <Filter>core</Filter>
    </ClInclude>
    <ClInclude Include="template_lib.h">
      <Filter>core</Filter>
    </ClInclude>
    <ClInclude Include="timer.h">
      <Filter>core</Filter>
    </ClInclude>
    <ClInclude Include="tuple_inc.h">
      <Filter>core</Filter>
    </ClInclude>
    <ClInclude Include="unordered_map_inc.h">
      <Filter>core</Filter>
    </ClInclude>
    <ClInclude Include="vector.h">
      <Filter>core</Filter>
    </ClInclude>
    <ClInclude Include="vertex.h">
      <Filter>core</Filter>
    </ClInclude>
    <ClInclude Include="arch.h">
      <Filter>core</Filter>
    </ClInclude>
    <ClInclude Include="array_inc.h">
      <Filter>core</Filter>
    </ClInclude>
    <ClInclude Include="event_queue.h">
      <Filter>event</Filter>
    </ClInclude>
    <ClInclude Include="keyboard_event.h">
      <Filter>event</Filter>
    </ClInclude>
    <ClInclude Include="touch_device.h">
      <Filter>event</Filter>
    </ClInclude>
    <ClInclude Include="touch_event.h">
      <Filter>event</Filter>
    </ClInclude>
    <ClInclude Include="freeglut_font.h">
      <Filter>mesh</Filter>
    </ClInclude>
    <ClInclude Include="geometric_object.h">
      <Filter>mesh</Filter>
    </ClInclude>
    <ClInclude Include="parametric_equations.h">
      <Filter>mesh</Filter>
    </ClInclude>
    <ClInclude Include="parametric_surface.h">
      <Filter>mesh</Filter>
    </ClInclude>
    <ClInclude Include="teapot.h">
      <Filter>mesh</Filter>
    </ClInclude>
    <ClInclude Include="texture.h">
      <Filter>renderer</Filter>
    </ClInclude>
    <ClInclude Include="uber_shader.h">
      <Filter>renderer</Filter>
    </ClInclude>
    <ClInclude Include="buffer_object.h">
      <Filter>renderer</Filter>
    </ClInclude>
    <ClInclude Include="camera.h">
      <Filter>renderer</Filter>
    </ClInclude>
    <ClInclude Include="frame_buffer.h">
      <Filter>renderer</Filter>
    </ClInclude>
    <ClInclude Include="image.h">
      <Filter>renderer</Filter>
    </ClInclude>
    <ClInclude Include="light.h">
      <Filter>renderer</Filter>
    </ClInclude>
    <ClInclude Include="material.h">
      <Filter>renderer</Filter>
    </ClInclude>
    <ClInclude Include="matrix_stack.h">
      <Filter>renderer</Filter>
    </ClInclude>
    <ClInclude Include="mesh_buffer.h">
      <Filter>renderer</Filter>
    </ClInclude>
    <ClInclude Include="post_effect.h">
      <Filter>renderer</Filter>
    </ClInclude>
    <ClInclude Include="render_device.h">
      <Filter>renderer</Filter>
    </ClInclude>
    <ClInclude Include="renderer.h">
      <Filter>renderer</Filter>
    </ClInclude>
    <ClInclude Include="renderer_env.h">
      <Filter>renderer</Filter>
    </ClInclude>
    <ClInclude Include="shader.h">
      <Filter>renderer</Filter>
    </ClInclude>
    <ClInclude Include="shader_variable.h">
      <Filter>renderer</Filter>
    </ClInclude>
    <ClInclude Include="sys_font.h">
      <Filter>renderer</Filter>
    </ClInclude>
    <ClInclude Include="gl_buffer_object.h">
      <Filter>renderer\gl</Filter>
    </ClInclude>
    <ClInclude Include="gl_env.h">
      <Filter>renderer\gl</Filter>
    </ClInclude>
    <ClInclude Include="gl_frame_buffer.h">
      <Filter>renderer\gl</Filter>
    </ClInclude>
    <ClInclude Include="gl_inc.h">
      <Filter>renderer\gl</Filter>
    </ClInclude>
    <ClInclude Include="gl_render_device.h">
      <Filter>renderer\gl</Filter>
    </ClInclude>
    <ClInclude Include="gl_renderer.h">
      <Filter>renderer\gl</Filter>
    </ClInclude>
    <ClInclude Include="gl_shader.h">
      <Filter>renderer\gl</Filter>
    </ClInclude>
    <ClInclude Include="gl_shader_variable.h">
      <Filter>renderer\gl</Filter>
    </ClInclude>
    <ClInclude Include="gl_texture.h">
      <Filter>renderer\gl</Filter>
    </ClInclude>
    <ClInclude Include="gl_uber_shader_renderer.h">
      <Filter>renderer\gl</Filter>
    </ClInclude>
    <ClInclude Include="device.h">
      <Filter>sys</Filter>
    </ClInclude>
    <ClInclude Include="filesystem.h">
      <Filter>sys</Filter>
    </ClInclude>
    <ClInclude Include="low_level_c_file.h">
      <Filter>sys</Filter>
    </ClInclude>
    <ClInclude Include="memory_file.h">
      <Filter>sys</Filter>
    </ClInclude>
    <ClInclude Include="sys_locale.h">
      <Filter>sys</Filter>
    </ClInclude>
    <ClInclude Include="zip_stream_file.h">
      <Filter>sys</Filter>
    </ClInclude>
    <ClInclude Include="mem.h">
      <Filter>mem</Filter>
    </ClInclude>
    <ClInclude Include="free_list_block_pool.h">
      <Filter>mem</Filter>
    </ClInclude>
    <ClInclude Include="free_list_manager.h">
      <Filter>mem</Filter>
    </ClInclude>
    <ClInclude Include="free_list_object_pool.h">
      <Filter>mem</Filter>
    </ClInclude>
    <ClInclude Include="heap.h">
      <Filter>mem</Filter>
    </ClInclude>
    <ClInclude Include="stack_allocator.h">
      <Filter>mem</Filter>
    </ClInclude>
    <ClInclude Include="globals.h">
      <Filter>support</Filter>
    </ClInclude>
    <ClInclude Include="math_helper.h">
      <Filter>math</Filter>
    </ClInclude>
    <ClInclude Include="str_code.h">
      <Filter>core</Filter>
    </ClInclude>
    <ClInclude Include="sys_var.h">
      <Filter>core</Filter>
    </ClInclude>
  </ItemGroup>
</Project>