<?xml version="1.0" encoding="utf-8"?>
<Project ToolsVersion="4.0" xmlns="http://schemas.microsoft.com/developer/msbuild/2003">
  <ItemGroup>
    <Filter Include="core">
      <UniqueIdentifier>{7d72fe86-4344-4669-93ef-0108506af2d9}</UniqueIdentifier>
    </Filter>
    <Filter Include="sdk">
      <UniqueIdentifier>{b0b6d8ff-5200-460f-88d0-1ebc9935c322}</UniqueIdentifier>
    </Filter>
    <Filter Include="support">
      <UniqueIdentifier>{93995380-89BD-4b04-88EB-625FBE52EBFB}</UniqueIdentifier>
      <Extensions>h;hpp;hxx;hm;inl;inc;xsd</Extensions>
    </Filter>
    <Filter Include="render">
      <UniqueIdentifier>{8e36d648-98db-4b5a-b12d-13efc65cd515}</UniqueIdentifier>
    </Filter>
    <Filter Include="main">
      <UniqueIdentifier>{fcbd9d8f-30e0-426e-9ac1-0ada23bc159e}</UniqueIdentifier>
    </Filter>
    <Filter Include="io">
      <UniqueIdentifier>{795d0241-e4df-4d6d-9b84-4d223b2bb0bf}</UniqueIdentifier>
    </Filter>
  </ItemGroup>
  <ItemGroup>
    <ClCompile Include="sora_stdafx.cpp">
      <Filter>support</Filter>
    </ClCompile>
    <ClCompile Include="vector.cpp">
      <Filter>core</Filter>
    </ClCompile>
    <ClCompile Include="arch.cpp">
      <Filter>core</Filter>
    </ClCompile>
    <ClCompile Include="logger.cpp">
      <Filter>core</Filter>
    </ClCompile>
    <ClCompile Include="math_helper.cpp">
      <Filter>core</Filter>
    </ClCompile>
    <ClCompile Include="mem.cpp">
      <Filter>core</Filter>
    </ClCompile>
    <ClCompile Include="timer.cpp">
      <Filter>core</Filter>
    </ClCompile>
    <ClCompile Include="gl_inc.cpp">
      <Filter>render</Filter>
    </ClCompile>
    <ClCompile Include="gl_helper.cpp">
      <Filter>render</Filter>
    </ClCompile>
    <ClCompile Include="common_string.cpp">
      <Filter>core</Filter>
    </ClCompile>
    <ClCompile Include="sys_locale.cpp">
      <Filter>core</Filter>
    </ClCompile>
    <ClCompile Include="sora_main.cpp">
      <Filter>main</Filter>
    </ClCompile>
    <ClCompile Include="shader.cpp">
      <Filter>render</Filter>
    </ClCompile>
    <ClCompile Include="filesystem.cpp">
      <Filter>io</Filter>
    </ClCompile>
    <ClCompile Include="low_level_c_file.cpp">
      <Filter>io</Filter>
    </ClCompile>
    <ClCompile Include="memory_file.cpp">
      <Filter>io</Filter>
    </ClCompile>
    <ClCompile Include="zip_stream_file.cpp">
      <Filter>io</Filter>
    </ClCompile>
    <ClCompile Include="matrix_stack.cpp">
      <Filter>render</Filter>
    </ClCompile>
    <ClCompile Include="gl_buffer_object.cpp">
      <Filter>render</Filter>
    </ClCompile>
    <ClCompile Include="obj_model.cpp">
      <Filter>render</Filter>
    </ClCompile>
    <ClCompile Include="obj_loader.cpp">
      <Filter>render</Filter>
    </ClCompile>
    <ClCompile Include="primitive_model.cpp">
      <Filter>render</Filter>
    </ClCompile>
    <ClCompile Include="renderer.cpp">
      <Filter>render</Filter>
    </ClCompile>
    <ClCompile Include="texture.cpp">
      <Filter>render</Filter>
    </ClCompile>
    <ClCompile Include="lodepng\lodepng.cpp">
      <Filter>sdk</Filter>
    </ClCompile>
    <ClCompile Include="uber_shader.cpp">
      <Filter>render</Filter>
    </ClCompile>
    <ClCompile Include="material_manager.cpp">
      <Filter>render</Filter>
    </ClCompile>
    <ClCompile Include="shader_variable.cpp">
      <Filter>render</Filter>
    </ClCompile>
    <ClCompile Include="camera.cpp">
      <Filter>render</Filter>
    </ClCompile>
  </ItemGroup>
  <ItemGroup>
    <ClInclude Include="sora_stdafx.h">
      <Filter>support</Filter>
    </ClInclude>
    <ClInclude Include="vector.h">
      <Filter>core</Filter>
    </ClInclude>
    <ClInclude Include="arch.h">
      <Filter>core</Filter>
    </ClInclude>
    <ClInclude Include="array_inc.h">
      <Filter>core</Filter>
    </ClInclude>
    <ClInclude Include="assert_inc.h">
      <Filter>core</Filter>
    </ClInclude>
    <ClInclude Include="logger.h">
      <Filter>core</Filter>
    </ClInclude>
    <ClInclude Include="math_helper.h">
      <Filter>core</Filter>
    </ClInclude>
    <ClInclude Include="mem.h">
      <Filter>core</Filter>
    </ClInclude>
    <ClInclude Include="shared_ptr_inc.h">
      <Filter>core</Filter>
    </ClInclude>
    <ClInclude Include="template_lib.h">
      <Filter>core</Filter>
    </ClInclude>
    <ClInclude Include="unordered_map_inc.h">
      <Filter>core</Filter>
    </ClInclude>
    <ClInclude Include="timer.h">
      <Filter>core</Filter>
    </ClInclude>
    <ClInclude Include="color.h">
      <Filter>core</Filter>
    </ClInclude>
    <ClInclude Include="rect.h">
      <Filter>core</Filter>
    </ClInclude>
    <ClInclude Include="gl_inc.h">
      <Filter>render</Filter>
    </ClInclude>
    <ClInclude Include="gl_helper.h">
      <Filter>render</Filter>
    </ClInclude>
    <ClInclude Include="common_string.h">
      <Filter>core</Filter>
    </ClInclude>
    <ClInclude Include="sys_locale.h">
      <Filter>core</Filter>
    </ClInclude>
    <ClInclude Include="sora_main.h">
      <Filter>main</Filter>
    </ClInclude>
    <ClInclude Include="shader.h">
      <Filter>render</Filter>
    </ClInclude>
    <ClInclude Include="filesystem.h">
      <Filter>io</Filter>
    </ClInclude>
    <ClInclude Include="low_level_c_file.h">
      <Filter>io</Filter>
    </ClInclude>
    <ClInclude Include="memory_file.h">
      <Filter>io</Filter>
    </ClInclude>
    <ClInclude Include="zip_stream_file.h">
      <Filter>io</Filter>
    </ClInclude>
    <ClInclude Include="matrix_stack.h">
      <Filter>render</Filter>
    </ClInclude>
    <ClInclude Include="vertex.h">
      <Filter>render</Filter>
    </ClInclude>
    <ClInclude Include="gl_buffer_object.h">
      <Filter>render</Filter>
    </ClInclude>
    <ClInclude Include="obj_model.h">
      <Filter>render</Filter>
    </ClInclude>
    <ClInclude Include="material.h">
      <Filter>render</Filter>
    </ClInclude>
    <ClInclude Include="obj_loader.h">
      <Filter>render</Filter>
    </ClInclude>
    <ClInclude Include="teapot.h">
      <Filter>render</Filter>
    </ClInclude>
    <ClInclude Include="primitive_model.h">
      <Filter>render</Filter>
    </ClInclude>
    <ClInclude Include="renderer.h">
      <Filter>render</Filter>
    </ClInclude>
    <ClInclude Include="texture.h">
      <Filter>render</Filter>
    </ClInclude>
    <ClInclude Include="lodepng\lodepng.h">
      <Filter>sdk</Filter>
    </ClInclude>
    <ClInclude Include="uber_shader.h">
      <Filter>render</Filter>
    </ClInclude>
    <ClInclude Include="tuple_inc.h">
      <Filter>core</Filter>
    </ClInclude>
    <ClInclude Include="material_manager.h">
      <Filter>render</Filter>
    </ClInclude>
    <ClInclude Include="shader_variable.h">
      <Filter>render</Filter>
    </ClInclude>
    <ClInclude Include="camera.h">
      <Filter>render</Filter>
    </ClInclude>
  </ItemGroup>
</Project>