<?xml version="1.0" encoding="utf-8"?>
<Project ToolsVersion="4.0" xmlns="http://schemas.microsoft.com/developer/msbuild/2003">
  <ItemGroup>
    <Filter Include="core">
      <UniqueIdentifier>{7d72fe86-4344-4669-93ef-0108506af2d9}</UniqueIdentifier>
    </Filter>
    <Filter Include="sdk">
      <UniqueIdentifier>{b0b6d8ff-5200-460f-88d0-1ebc9935c322}</UniqueIdentifier>
    </Filter>
    <Filter Include="support">
      <UniqueIdentifier>{93995380-89BD-4b04-88EB-625FBE52EBFB}</UniqueIdentifier>
      <Extensions>h;hpp;hxx;hm;inl;inc;xsd</Extensions>
    </Filter>
    <Filter Include="sdk\lodepng">
      <UniqueIdentifier>{ba0d8e2b-7aa3-4b06-a0f7-f4d3c6b5c943}</UniqueIdentifier>
    </Filter>
    <Filter Include="sdk\vincent">
      <UniqueIdentifier>{6ebe6cb7-522d-481a-b7b1-5ce8a670595b}</UniqueIdentifier>
    </Filter>
    <Filter Include="cbes">
      <UniqueIdentifier>{5ccddd79-4d93-4fd2-9385-12a97ac93b4a}</UniqueIdentifier>
    </Filter>
    <Filter Include="sys">
      <UniqueIdentifier>{795d0241-e4df-4d6d-9b84-4d223b2bb0bf}</UniqueIdentifier>
    </Filter>
    <Filter Include="renderer">
      <UniqueIdentifier>{8e36d648-98db-4b5a-b12d-13efc65cd515}</UniqueIdentifier>
    </Filter>
    <Filter Include="event">
      <UniqueIdentifier>{5b172744-a4e4-4aaa-96b5-0607e780fa7f}</UniqueIdentifier>
    </Filter>
    <Filter Include="sdk\soil">
      <UniqueIdentifier>{676724de-b9dd-476e-b498-ac1125d85eab}</UniqueIdentifier>
    </Filter>
    <Filter Include="logic_test">
      <UniqueIdentifier>{2783cd81-060f-4288-b656-1e97dfcbb526}</UniqueIdentifier>
    </Filter>
    <Filter Include="mesh">
      <UniqueIdentifier>{38882dde-c366-4631-85e6-6e77d98f7702}</UniqueIdentifier>
    </Filter>
    <Filter Include="renderer\gl">
      <UniqueIdentifier>{c091d859-626f-4c59-84b5-76a5e43efa5c}</UniqueIdentifier>
    </Filter>
  </ItemGroup>
  <ItemGroup>
    <ClCompile Include="sora_stdafx.cpp">
      <Filter>support</Filter>
    </ClCompile>
    <ClCompile Include="lodepng\lodepng.cpp">
      <Filter>sdk\lodepng</Filter>
    </ClCompile>
    <ClCompile Include="cbes\world.cpp">
      <Filter>cbes</Filter>
    </ClCompile>
    <ClCompile Include="cbes\component.cpp">
      <Filter>cbes</Filter>
    </ClCompile>
    <ClCompile Include="cbes\component_list.cpp">
      <Filter>cbes</Filter>
    </ClCompile>
    <ClCompile Include="cbes\entity.cpp">
      <Filter>cbes</Filter>
    </ClCompile>
    <ClCompile Include="core\common_string.cpp">
      <Filter>core</Filter>
    </ClCompile>
    <ClCompile Include="core\free_list_block_pool.cpp">
      <Filter>core</Filter>
    </ClCompile>
    <ClCompile Include="core\heap.cpp">
      <Filter>core</Filter>
    </ClCompile>
    <ClCompile Include="core\logger.cpp">
      <Filter>core</Filter>
    </ClCompile>
    <ClCompile Include="core\math_helper.cpp">
      <Filter>core</Filter>
    </ClCompile>
    <ClCompile Include="core\mem.cpp">
      <Filter>core</Filter>
    </ClCompile>
    <ClCompile Include="core\string_hash.cpp">
      <Filter>core</Filter>
    </ClCompile>
    <ClCompile Include="core\timer.cpp">
      <Filter>core</Filter>
    </ClCompile>
    <ClCompile Include="core\arch.cpp">
      <Filter>core</Filter>
    </ClCompile>
    <ClCompile Include="renderer\matrix_stack.cpp">
      <Filter>renderer</Filter>
    </ClCompile>
    <ClCompile Include="sys\memory_file.cpp">
      <Filter>sys</Filter>
    </ClCompile>
    <ClCompile Include="sys\sys_locale.cpp">
      <Filter>sys</Filter>
    </ClCompile>
    <ClCompile Include="sys\zip_stream_file.cpp">
      <Filter>sys</Filter>
    </ClCompile>
    <ClCompile Include="sys\filesystem.cpp">
      <Filter>sys</Filter>
    </ClCompile>
    <ClCompile Include="sys\low_level_c_file.cpp">
      <Filter>sys</Filter>
    </ClCompile>
    <ClCompile Include="event\touch_device.cpp">
      <Filter>event</Filter>
    </ClCompile>
    <ClCompile Include="soil\image_DXT.cpp">
      <Filter>sdk\soil</Filter>
    </ClCompile>
    <ClCompile Include="soil\image_helper.cpp">
      <Filter>sdk\soil</Filter>
    </ClCompile>
    <ClCompile Include="soil\SOIL.cpp">
      <Filter>sdk\soil</Filter>
    </ClCompile>
    <ClCompile Include="soil\stb_image_aug.cpp">
      <Filter>sdk\soil</Filter>
    </ClCompile>
    <ClCompile Include="renderer\gl\gl_env.cpp">
      <Filter>renderer\gl</Filter>
    </ClCompile>
    <ClCompile Include="renderer\gl\gl_shader.cpp">
      <Filter>renderer\gl</Filter>
    </ClCompile>
    <ClCompile Include="renderer\gl\gl_texture.cpp">
      <Filter>renderer\gl</Filter>
    </ClCompile>
    <ClCompile Include="renderer\gl\gl_renderer.cpp">
      <Filter>renderer\gl</Filter>
    </ClCompile>
    <ClCompile Include="sora_main.cpp">
      <Filter>logic_test</Filter>
    </ClCompile>
    <ClCompile Include="sys\device.cpp">
      <Filter>sys</Filter>
    </ClCompile>
    <ClCompile Include="renderer\gl\gl_render_device.cpp">
      <Filter>renderer\gl</Filter>
    </ClCompile>
    <ClCompile Include="renderer\texture.cpp">
      <Filter>renderer</Filter>
    </ClCompile>
    <ClCompile Include="renderer\sys_font.cpp">
      <Filter>renderer</Filter>
    </ClCompile>
  </ItemGroup>
  <ItemGroup>
    <ClInclude Include="sora_stdafx.h">
      <Filter>support</Filter>
    </ClInclude>
    <ClInclude Include="lodepng\lodepng.h">
      <Filter>sdk\lodepng</Filter>
    </ClInclude>
    <ClInclude Include="..\sdk\vincent\vincent.h">
      <Filter>sdk\vincent</Filter>
    </ClInclude>
    <ClInclude Include="cbes\entity.h">
      <Filter>cbes</Filter>
    </ClInclude>
    <ClInclude Include="cbes\world.h">
      <Filter>cbes</Filter>
    </ClInclude>
    <ClInclude Include="cbes\component.h">
      <Filter>cbes</Filter>
    </ClInclude>
    <ClInclude Include="cbes\component_list.h">
      <Filter>cbes</Filter>
    </ClInclude>
    <ClInclude Include="core\class_type.h">
      <Filter>core</Filter>
    </ClInclude>
    <ClInclude Include="core\common_string.h">
      <Filter>core</Filter>
    </ClInclude>
    <ClInclude Include="core\free_list_block_pool.h">
      <Filter>core</Filter>
    </ClInclude>
    <ClInclude Include="core\free_list_manager.h">
      <Filter>core</Filter>
    </ClInclude>
    <ClInclude Include="core\free_list_object_pool.h">
      <Filter>core</Filter>
    </ClInclude>
    <ClInclude Include="core\heap.h">
      <Filter>core</Filter>
    </ClInclude>
    <ClInclude Include="core\heap_alloc_header.h">
      <Filter>core</Filter>
    </ClInclude>
    <ClInclude Include="core\id_generator.h">
      <Filter>core</Filter>
    </ClInclude>
    <ClInclude Include="core\logger.h">
      <Filter>core</Filter>
    </ClInclude>
    <ClInclude Include="core\math_helper.h">
      <Filter>core</Filter>
    </ClInclude>
    <ClInclude Include="core\mem.h">
      <Filter>core</Filter>
    </ClInclude>
    <ClInclude Include="core\rect.h">
      <Filter>core</Filter>
    </ClInclude>
    <ClInclude Include="core\shared_ptr_inc.h">
      <Filter>core</Filter>
    </ClInclude>
    <ClInclude Include="core\string_code_dictionary.h">
      <Filter>core</Filter>
    </ClInclude>
    <ClInclude Include="core\string_hash.h">
      <Filter>core</Filter>
    </ClInclude>
    <ClInclude Include="core\template_lib.h">
      <Filter>core</Filter>
    </ClInclude>
    <ClInclude Include="core\timer.h">
      <Filter>core</Filter>
    </ClInclude>
    <ClInclude Include="core\tuple_inc.h">
      <Filter>core</Filter>
    </ClInclude>
    <ClInclude Include="core\unordered_map_inc.h">
      <Filter>core</Filter>
    </ClInclude>
    <ClInclude Include="core\arch.h">
      <Filter>core</Filter>
    </ClInclude>
    <ClInclude Include="core\array_inc.h">
      <Filter>core</Filter>
    </ClInclude>
    <ClInclude Include="core\assert_inc.h">
      <Filter>core</Filter>
    </ClInclude>
    <ClInclude Include="renderer\matrix_stack.h">
      <Filter>renderer</Filter>
    </ClInclude>
    <ClInclude Include="sys\low_level_c_file.h">
      <Filter>sys</Filter>
    </ClInclude>
    <ClInclude Include="sys\memory_file.h">
      <Filter>sys</Filter>
    </ClInclude>
    <ClInclude Include="sys\sys_locale.h">
      <Filter>sys</Filter>
    </ClInclude>
    <ClInclude Include="sys\zip_stream_file.h">
      <Filter>sys</Filter>
    </ClInclude>
    <ClInclude Include="sys\filesystem.h">
      <Filter>sys</Filter>
    </ClInclude>
    <ClInclude Include="event\touch_event.h">
      <Filter>event</Filter>
    </ClInclude>
    <ClInclude Include="event\touch_device.h">
      <Filter>event</Filter>
    </ClInclude>
    <ClInclude Include="soil\image_helper.h">
      <Filter>sdk\soil</Filter>
    </ClInclude>
    <ClInclude Include="soil\SOIL.h">
      <Filter>sdk\soil</Filter>
    </ClInclude>
    <ClInclude Include="soil\stb_image_aug.h">
      <Filter>sdk\soil</Filter>
    </ClInclude>
    <ClInclude Include="soil\stbi_DDS_aug.h">
      <Filter>sdk\soil</Filter>
    </ClInclude>
    <ClInclude Include="soil\stbi_DDS_aug_c.h">
      <Filter>sdk\soil</Filter>
    </ClInclude>
    <ClInclude Include="soil\image_DXT.h">
      <Filter>sdk\soil</Filter>
    </ClInclude>
    <ClInclude Include="core\vector.h">
      <Filter>core</Filter>
    </ClInclude>
    <ClInclude Include="event\keyboard_event.h">
      <Filter>event</Filter>
    </ClInclude>
    <ClInclude Include="event\event_queue.h">
      <Filter>event</Filter>
    </ClInclude>
    <ClInclude Include="renderer\renderer_env.h">
      <Filter>renderer</Filter>
    </ClInclude>
    <ClInclude Include="renderer\gl\gl_inc.h">
      <Filter>renderer\gl</Filter>
    </ClInclude>
    <ClInclude Include="renderer\gl\gl_env.h">
      <Filter>renderer\gl</Filter>
    </ClInclude>
    <ClInclude Include="renderer\gl\gl_buffer_object.h">
      <Filter>renderer\gl</Filter>
    </ClInclude>
    <ClInclude Include="renderer\gl\gl_vertex.h">
      <Filter>renderer\gl</Filter>
    </ClInclude>
    <ClInclude Include="renderer\globals.h">
      <Filter>renderer</Filter>
    </ClInclude>
    <ClInclude Include="renderer\gl\gl_shader.h">
      <Filter>renderer\gl</Filter>
    </ClInclude>
    <ClInclude Include="core\vertex.h">
      <Filter>core</Filter>
    </ClInclude>
    <ClInclude Include="renderer\gl\gl_texture.h">
      <Filter>renderer\gl</Filter>
    </ClInclude>
    <ClInclude Include="renderer\shader.h">
      <Filter>renderer</Filter>
    </ClInclude>
    <ClInclude Include="renderer\gl\gl_renderer.h">
      <Filter>renderer\gl</Filter>
    </ClInclude>
    <ClInclude Include="sora_main.h">
      <Filter>logic_test</Filter>
    </ClInclude>
    <ClInclude Include="renderer\gl\gl_render_device.h">
      <Filter>renderer\gl</Filter>
    </ClInclude>
    <ClInclude Include="sys\device.h">
      <Filter>sys</Filter>
    </ClInclude>
    <ClInclude Include="renderer\render_device.h">
      <Filter>renderer</Filter>
    </ClInclude>
    <ClInclude Include="renderer\texture.h">
      <Filter>renderer</Filter>
    </ClInclude>
    <ClInclude Include="renderer\sys_font.h">
      <Filter>renderer</Filter>
    </ClInclude>
  </ItemGroup>
</Project>