// !$*UTF8*$!
{
	archiveVersion = 1;
	classes = {
	};
	objectVersion = 46;
	objects = {

/* Begin PBXBuildFile section */
		EA02A3A51510721400ECCF92 /* UIKit.framework in Frameworks */ = {isa = PBXBuildFile; fileRef = EA02A3A41510721400ECCF92 /* UIKit.framework */; };
		EA02A3A71510721400ECCF92 /* Foundation.framework in Frameworks */ = {isa = PBXBuildFile; fileRef = EA02A3A61510721400ECCF92 /* Foundation.framework */; };
		EA02A3A91510721400ECCF92 /* CoreGraphics.framework in Frameworks */ = {isa = PBXBuildFile; fileRef = EA02A3A81510721400ECCF92 /* CoreGraphics.framework */; };
		EA02A3AB1510721400ECCF92 /* GLKit.framework in Frameworks */ = {isa = PBXBuildFile; fileRef = EA02A3AA1510721400ECCF92 /* GLKit.framework */; };
		EA02A3AD1510721400ECCF92 /* OpenGLES.framework in Frameworks */ = {isa = PBXBuildFile; fileRef = EA02A3AC1510721400ECCF92 /* OpenGLES.framework */; };
		EA02A3B31510721400ECCF92 /* InfoPlist.strings in Resources */ = {isa = PBXBuildFile; fileRef = EA02A3B11510721400ECCF92 /* InfoPlist.strings */; };
		EA02A3B51510721400ECCF92 /* main.m in Sources */ = {isa = PBXBuildFile; fileRef = EA02A3B41510721400ECCF92 /* main.m */; };
		EA02A3B91510721400ECCF92 /* AppDelegate.m in Sources */ = {isa = PBXBuildFile; fileRef = EA02A3B81510721400ECCF92 /* AppDelegate.m */; };
		EA02A3BB1510721500ECCF92 /* Shader.fsh in Resources */ = {isa = PBXBuildFile; fileRef = EA02A3BA1510721400ECCF92 /* Shader.fsh */; };
		EA02A3BD1510721500ECCF92 /* Shader.vsh in Resources */ = {isa = PBXBuildFile; fileRef = EA02A3BC1510721500ECCF92 /* Shader.vsh */; };
		EA02A3C01510721500ECCF92 /* ViewController.m in Sources */ = {isa = PBXBuildFile; fileRef = EA02A3BF1510721500ECCF92 /* ViewController.m */; };
		EA02A3C31510721500ECCF92 /* ViewController.xib in Resources */ = {isa = PBXBuildFile; fileRef = EA02A3C11510721500ECCF92 /* ViewController.xib */; };
/* End PBXBuildFile section */

/* Begin PBXFileReference section */
		EA02A3A01510721400ECCF92 /* yuriko.app */ = {isa = PBXFileReference; explicitFileType = wrapper.application; includeInIndex = 0; path = yuriko.app; sourceTree = BUILT_PRODUCTS_DIR; };
		EA02A3A41510721400ECCF92 /* UIKit.framework */ = {isa = PBXFileReference; lastKnownFileType = wrapper.framework; name = UIKit.framework; path = System/Library/Frameworks/UIKit.framework; sourceTree = SDKROOT; };
		EA02A3A61510721400ECCF92 /* Foundation.framework */ = {isa = PBXFileReference; lastKnownFileType = wrapper.framework; name = Foundation.framework; path = System/Library/Frameworks/Foundation.framework; sourceTree = SDKROOT; };
		EA02A3A81510721400ECCF92 /* CoreGraphics.framework */ = {isa = PBXFileReference; lastKnownFileType = wrapper.framework; name = CoreGraphics.framework; path = System/Library/Frameworks/CoreGraphics.framework; sourceTree = SDKROOT; };
		EA02A3AA1510721400ECCF92 /* GLKit.framework */ = {isa = PBXFileReference; lastKnownFileType = wrapper.framework; name = GLKit.framework; path = System/Library/Frameworks/GLKit.framework; sourceTree = SDKROOT; };
		EA02A3AC1510721400ECCF92 /* OpenGLES.framework */ = {isa = PBXFileReference; lastKnownFileType = wrapper.framework; name = OpenGLES.framework; path = System/Library/Frameworks/OpenGLES.framework; sourceTree = SDKROOT; };
		EA02A3B01510721400ECCF92 /* yuriko-Info.plist */ = {isa = PBXFileReference; path = "yuriko-Info.plist"; sourceTree = "<group>"; };
		EA02A3B21510721400ECCF92 /* en */ = {isa = PBXFileReference; lastKnownFileType = text.plist.strings; name = en; path = en.lproj/InfoPlist.strings; sourceTree = "<group>"; };
		EA02A3B41510721400ECCF92 /* main.m */ = {isa = PBXFileReference; lastKnownFileType = sourcecode.c.objc; path = main.m; sourceTree = "<group>"; };
		EA02A3B61510721400ECCF92 /* yuriko-Prefix.pch */ = {isa = PBXFileReference; path = "yuriko-Prefix.pch"; sourceTree = "<group>"; };
		EA02A3B71510721400ECCF92 /* AppDelegate.h */ = {isa = PBXFileReference; path = AppDelegate.h; sourceTree = "<group>"; };
		EA02A3B81510721400ECCF92 /* AppDelegate.m */ = {isa = PBXFileReference; lastKnownFileType = sourcecode.c.objc; path = AppDelegate.m; sourceTree = "<group>"; };
		EA02A3BA1510721400ECCF92 /* Shader.fsh */ = {isa = PBXFileReference; lastKnownFileType = sourcecode.glsl; name = Shader.fsh; path = Shaders/Shader.fsh; sourceTree = "<group>"; };
		EA02A3BC1510721500ECCF92 /* Shader.vsh */ = {isa = PBXFileReference; lastKnownFileType = sourcecode.glsl; name = Shader.vsh; path = Shaders/Shader.vsh; sourceTree = "<group>"; };
		EA02A3BE1510721500ECCF92 /* ViewController.h */ = {isa = PBXFileReference; path = ViewController.h; sourceTree = "<group>"; };
		EA02A3BF1510721500ECCF92 /* ViewController.m */ = {isa = PBXFileReference; lastKnownFileType = sourcecode.c.objc; path = ViewController.m; sourceTree = "<group>"; };
		EA02A3C21510721500ECCF92 /* en */ = {isa = PBXFileReference; lastKnownFileType = file.xib; name = en; path = en.lproj/ViewController.xib; sourceTree = "<group>"; };
/* End PBXFileReference section */

/* Begin PBXFrameworksBuildPhase section */
		EA02A39D1510721400ECCF92 /* Frameworks */ = {
			isa = PBXFrameworksBuildPhase;
			buildActionMask = 2147483647;
			files = (
				EA02A3A51510721400ECCF92 /* UIKit.framework in Frameworks */,
				EA02A3A71510721400ECCF92 /* Foundation.framework in Frameworks */,
				EA02A3A91510721400ECCF92 /* CoreGraphics.framework in Frameworks */,
				EA02A3AB1510721400ECCF92 /* GLKit.framework in Frameworks */,
				EA02A3AD1510721400ECCF92 /* OpenGLES.framework in Frameworks */,
			);
			runOnlyForDeploymentPostprocessing = 0;
		};
/* End PBXFrameworksBuildPhase section */

/* Begin PBXGroup section */
		EA02A3951510721400ECCF92 = {
			isa = PBXGroup;
			children = (
				EA02A3AE1510721400ECCF92 /* yuriko */,
				EA02A3A31510721400ECCF92 /* Frameworks */,
				EA02A3A11510721400ECCF92 /* Products */,
			);
			sourceTree = "<group>";
		};
		EA02A3A11510721400ECCF92 /* Products */ = {
			isa = PBXGroup;
			children = (
				EA02A3A01510721400ECCF92 /* yuriko.app */,
			);
			name = Products;
			sourceTree = "<group>";
		};
		EA02A3A31510721400ECCF92 /* Frameworks */ = {
			isa = PBXGroup;
			children = (
				EA02A3A41510721400ECCF92 /* UIKit.framework */,
				EA02A3A61510721400ECCF92 /* Foundation.framework */,
				EA02A3A81510721400ECCF92 /* CoreGraphics.framework */,
				EA02A3AA1510721400ECCF92 /* GLKit.framework */,
				EA02A3AC1510721400ECCF92 /* OpenGLES.framework */,
			);
			name = Frameworks;
			sourceTree = "<group>";
		};
		EA02A3AE1510721400ECCF92 /* yuriko */ = {
			isa = PBXGroup;
			children = (
				EA02A3B71510721400ECCF92 /* AppDelegate.h */,
				EA02A3B81510721400ECCF92 /* AppDelegate.m */,
				EA02A3BA1510721400ECCF92 /* Shader.fsh */,
				EA02A3BC1510721500ECCF92 /* Shader.vsh */,
				EA02A3BE1510721500ECCF92 /* ViewController.h */,
				EA02A3BF1510721500ECCF92 /* ViewController.m */,
				EA02A3C11510721500ECCF92 /* ViewController.xib */,
				EA02A3AF1510721400ECCF92 /* Supporting Files */,
			);
			path = yuriko;
			sourceTree = "<group>";
		};
		EA02A3AF1510721400ECCF92 /* Supporting Files */ = {
			isa = PBXGroup;
			children = (
				EA02A3B01510721400ECCF92 /* yuriko-Info.plist */,
				EA02A3B11510721400ECCF92 /* InfoPlist.strings */,
				EA02A3B41510721400ECCF92 /* main.m */,
				EA02A3B61510721400ECCF92 /* yuriko-Prefix.pch */,
			);
			name = "Supporting Files";
			sourceTree = "<group>";
		};
/* End PBXGroup section */

/* Begin PBXNativeTarget section */
		EA02A39F1510721400ECCF92 /* yuriko */ = {
			isa = PBXNativeTarget;
			buildConfigurationList = EA02A3C61510721500ECCF92 /* Build configuration list for PBXNativeTarget "yuriko" */;
			buildPhases = (
				EA02A39C1510721400ECCF92 /* Sources */,
				EA02A39D1510721400ECCF92 /* Frameworks */,
				EA02A39E1510721400ECCF92 /* Resources */,
			);
			buildRules = (
			);
			dependencies = (
			);
			name = yuriko;
			productName = yuriko;
			productReference = EA02A3A01510721400ECCF92 /* yuriko.app */;
			productType = "com.apple.product-type.application";
		};
/* End PBXNativeTarget section */

/* Begin PBXProject section */
		EA02A3971510721400ECCF92 /* Project object */ = {
			isa = PBXProject;
			attributes = {
				LastUpgradeCheck = 0430;
			};
			buildConfigurationList = EA02A39A1510721400ECCF92 /* Build configuration list for PBXProject "yuriko" */;
			compatibilityVersion = "Xcode 3.2";
			developmentRegion = English;
			hasScannedForEncodings = 0;
			knownRegions = (
				en,
			);
			mainGroup = EA02A3951510721400ECCF92;
			productRefGroup = EA02A3A11510721400ECCF92 /* Products */;
			projectDirPath = "";
			projectRoot = "";
			targets = (
				EA02A39F1510721400ECCF92 /* yuriko */,
			);
		};
/* End PBXProject section */

/* Begin PBXResourcesBuildPhase section */
		EA02A39E1510721400ECCF92 /* Resources */ = {
			isa = PBXResourcesBuildPhase;
			buildActionMask = 2147483647;
			files = (
				EA02A3B31510721400ECCF92 /* InfoPlist.strings in Resources */,
				EA02A3BB1510721500ECCF92 /* Shader.fsh in Resources */,
				EA02A3BD1510721500ECCF92 /* Shader.vsh in Resources */,
				EA02A3C31510721500ECCF92 /* ViewController.xib in Resources */,
			);
			runOnlyForDeploymentPostprocessing = 0;
		};
/* End PBXResourcesBuildPhase section */

/* Begin PBXSourcesBuildPhase section */
		EA02A39C1510721400ECCF92 /* Sources */ = {
			isa = PBXSourcesBuildPhase;
			buildActionMask = 2147483647;
			files = (
				EA02A3B51510721400ECCF92 /* main.m in Sources */,
				EA02A3B91510721400ECCF92 /* AppDelegate.m in Sources */,
				EA02A3C01510721500ECCF92 /* ViewController.m in Sources */,
			);
			runOnlyForDeploymentPostprocessing = 0;
		};
/* End PBXSourcesBuildPhase section */

/* Begin PBXVariantGroup section */
		EA02A3B11510721400ECCF92 /* InfoPlist.strings */ = {
			isa = PBXVariantGroup;
			children = (
				EA02A3B21510721400ECCF92 /* en */,
			);
			name = InfoPlist.strings;
			sourceTree = "<group>";
		};
		EA02A3C11510721500ECCF92 /* ViewController.xib */ = {
			isa = PBXVariantGroup;
			children = (
				EA02A3C21510721500ECCF92 /* en */,
			);
			name = ViewController.xib;
			sourceTree = "<group>";
		};
/* End PBXVariantGroup section */

/* Begin XCBuildConfiguration section */
		EA02A3C41510721500ECCF92 /* Debug */ = {
			isa = XCBuildConfiguration;
			buildSettings = {
				ALWAYS_SEARCH_USER_PATHS = NO;
				ARCHS = "$(ARCHS_STANDARD_32_BIT)";
				CLANG_ENABLE_OBJC_ARC = YES;
				"CODE_SIGN_IDENTITY[sdk=iphoneos*]" = "iPhone Developer";
				COPY_PHASE_STRIP = NO;
				GCC_C_LANGUAGE_STANDARD = gnu99;
				GCC_DYNAMIC_NO_PIC = NO;
				GCC_OPTIMIZATION_LEVEL = 0;
				GCC_PREPROCESSOR_DEFINITIONS = (
					"DEBUG=1",
					"$(inherited)",
				);
				GCC_SYMBOLS_PRIVATE_EXTERN = NO;
				GCC_VERSION = com.apple.compilers.llvm.clang.1_0;
				GCC_WARN_ABOUT_RETURN_TYPE = YES;
				GCC_WARN_UNINITIALIZED_AUTOS = YES;
				GCC_WARN_UNUSED_VARIABLE = YES;
				IPHONEOS_DEPLOYMENT_TARGET = 5.1;
				SDKROOT = iphoneos;
			};
			name = Debug;
		};
		EA02A3C51510721500ECCF92 /* Release */ = {
			isa = XCBuildConfiguration;
			buildSettings = {
				ALWAYS_SEARCH_USER_PATHS = NO;
				ARCHS = "$(ARCHS_STANDARD_32_BIT)";
				CLANG_ENABLE_OBJC_ARC = YES;
				"CODE_SIGN_IDENTITY[sdk=iphoneos*]" = "iPhone Developer";
				COPY_PHASE_STRIP = YES;
				GCC_C_LANGUAGE_STANDARD = gnu99;
				GCC_VERSION = com.apple.compilers.llvm.clang.1_0;
				GCC_WARN_ABOUT_RETURN_TYPE = YES;
				GCC_WARN_UNINITIALIZED_AUTOS = YES;
				GCC_WARN_UNUSED_VARIABLE = YES;
				IPHONEOS_DEPLOYMENT_TARGET = 5.1;
				OTHER_CFLAGS = "-DNS_BLOCK_ASSERTIONS=1";
				SDKROOT = iphoneos;
				VALIDATE_PRODUCT = YES;
			};
			name = Release;
		};
		EA02A3C71510721500ECCF92 /* Debug */ = {
			isa = XCBuildConfiguration;
			buildSettings = {
				GCC_PRECOMPILE_PREFIX_HEADER = YES;
				GCC_PREFIX_HEADER = "yuriko/yuriko-Prefix.pch";
				"GCC_THUMB_SUPPORT[arch=armv6]" = "";
				INFOPLIST_FILE = "yuriko/yuriko-Info.plist";
				PRODUCT_NAME = "$(TARGET_NAME)";
				WRAPPER_EXTENSION = app;
			};
			name = Debug;
		};
		EA02A3C81510721500ECCF92 /* Release */ = {
			isa = XCBuildConfiguration;
			buildSettings = {
				GCC_PRECOMPILE_PREFIX_HEADER = YES;
				GCC_PREFIX_HEADER = "yuriko/yuriko-Prefix.pch";
				"GCC_THUMB_SUPPORT[arch=armv6]" = "";
				INFOPLIST_FILE = "yuriko/yuriko-Info.plist";
				PRODUCT_NAME = "$(TARGET_NAME)";
				WRAPPER_EXTENSION = app;
			};
			name = Release;
		};
/* End XCBuildConfiguration section */

/* Begin XCConfigurationList section */
		EA02A39A1510721400ECCF92 /* Build configuration list for PBXProject "yuriko" */ = {
			isa = XCConfigurationList;
			buildConfigurations = (
				EA02A3C41510721500ECCF92 /* Debug */,
				EA02A3C51510721500ECCF92 /* Release */,
			);
			defaultConfigurationIsVisible = 0;
			defaultConfigurationName = Release;
		};
		EA02A3C61510721500ECCF92 /* Build configuration list for PBXNativeTarget "yuriko" */ = {
			isa = XCConfigurationList;
			buildConfigurations = (
				EA02A3C71510721500ECCF92 /* Debug */,
				EA02A3C81510721500ECCF92 /* Release */,
			);
			defaultConfigurationIsVisible = 0;
		};
/* End XCConfigurationList section */
	};
	rootObject = EA02A3971510721400ECCF92 /* Project object */;
}
