<?xml version="1.0" encoding="utf-8"?>
<Project ToolsVersion="4.0" xmlns="http://schemas.microsoft.com/developer/msbuild/2003">
  <ItemGroup>
    <Filter Include="Source Files">
      <UniqueIdentifier>{4FC737F1-C7A5-4376-A066-2A32D752A2FF}</UniqueIdentifier>
      <Extensions>cpp;c;cc;cxx;def;odl;idl;hpj;bat;asm;asmx</Extensions>
    </Filter>
    <Filter Include="Header Files">
      <UniqueIdentifier>{93995380-89BD-4b04-88EB-625FBE52EBFB}</UniqueIdentifier>
      <Extensions>h;hpp;hxx;hm;inl;inc;xsd</Extensions>
    </Filter>
    <Filter Include="Resource Files">
      <UniqueIdentifier>{67DA6AB6-F800-4c08-8B7A-83BB121AAD01}</UniqueIdentifier>
      <Extensions>rc;ico;cur;bmp;dlg;rc2;rct;bin;rgs;gif;jpg;jpeg;jpe;resx;tiff;tif;png;wav;mfcribbon-ms</Extensions>
    </Filter>
    <Filter Include="chizuru">
      <UniqueIdentifier>{21cb35ed-f68b-4a15-bd48-2d17a6a80b85}</UniqueIdentifier>
    </Filter>
    <Filter Include="mio">
      <UniqueIdentifier>{8c38c41d-6ee5-4e1f-85e3-d098e1ab9b09}</UniqueIdentifier>
    </Filter>
  </ItemGroup>
  <ItemGroup>
    <ClInclude Include="mio\path.h">
      <Filter>mio</Filter>
    </ClInclude>
    <ClInclude Include="mio\reader.h">
      <Filter>mio</Filter>
    </ClInclude>
    <ClInclude Include="chizuru\keyboard.h">
      <Filter>chizuru</Filter>
    </ClInclude>
    <ClInclude Include="chizuru\touch_event.h">
      <Filter>chizuru</Filter>
    </ClInclude>
    <ClInclude Include="chizuru\touch_device.h">
      <Filter>chizuru</Filter>
    </ClInclude>
    <ClInclude Include="chizuru\chizuru_enum.h">
      <Filter>chizuru</Filter>
    </ClInclude>
    <ClInclude Include="chizuru\mouse_glfw.h">
      <Filter>chizuru</Filter>
    </ClInclude>
  </ItemGroup>
  <ItemGroup>
    <None Include="mio\path_ios.mm">
      <Filter>mio</Filter>
    </None>
  </ItemGroup>
  <ItemGroup>
    <ClCompile Include="mio\path_win.cc">
      <Filter>mio</Filter>
    </ClCompile>
    <ClCompile Include="mio\path.cc">
      <Filter>mio</Filter>
    </ClCompile>
    <ClCompile Include="mio\reader.cc">
      <Filter>mio</Filter>
    </ClCompile>
    <ClCompile Include="chizuru\keyboard_glfw.cc">
      <Filter>chizuru</Filter>
    </ClCompile>
    <ClCompile Include="chizuru\mouse_glfw.cc">
      <Filter>chizuru</Filter>
    </ClCompile>
    <ClCompile Include="chizuru\touch_device.cc">
      <Filter>chizuru</Filter>
    </ClCompile>
  </ItemGroup>
</Project>