<?xml version="1.0" encoding="utf-8"?>
<Project ToolsVersion="4.0" xmlns="http://schemas.microsoft.com/developer/msbuild/2003">
  <ItemGroup>
    <ClCompile Include="testmain.cc" />
    <ClCompile Include="sora_test_stdafx.cc" />
    <ClCompile Include="mem_test.cc">
      <Filter>base</Filter>
    </ClCompile>
    <ClCompile Include="class_type_test.cc">
      <Filter>base</Filter>
    </ClCompile>
    <ClCompile Include="common_string_test.cc">
      <Filter>base</Filter>
    </ClCompile>
    <ClCompile Include="low_level_c_file_test.cc">
      <Filter>base</Filter>
    </ClCompile>
    <ClCompile Include="vector_test.cc">
      <Filter>math</Filter>
    </ClCompile>
    <ClCompile Include="matrix_test.cc">
      <Filter>math</Filter>
    </ClCompile>
    <ClCompile Include="math_helper_test.cc">
      <Filter>math</Filter>
    </ClCompile>
    <ClCompile Include="shader_test.cc">
      <Filter>renderer</Filter>
    </ClCompile>
    <ClCompile Include="filesystem_test.cc">
      <Filter>base</Filter>
    </ClCompile>
    <ClCompile Include="texture_test.cc">
      <Filter>renderer</Filter>
    </ClCompile>
    <ClCompile Include="xml_node_test.cc">
      <Filter>base</Filter>
    </ClCompile>
    <ClCompile Include="xml_reader_test.cc">
      <Filter>base</Filter>
    </ClCompile>
    <ClCompile Include="locale_test.cc">
      <Filter>base</Filter>
    </ClCompile>
    <ClCompile Include="selector_test.cc">
      <Filter>base</Filter>
    </ClCompile>
    <ClCompile Include="handle_manager_test.cc">
      <Filter>base</Filter>
    </ClCompile>
    <ClCompile Include="sprite_sheet_manager_test.cc">
      <Filter>renderer</Filter>
    </ClCompile>
  </ItemGroup>
  <ItemGroup>
    <ClInclude Include="sora_test_stdafx.h" />
  </ItemGroup>
  <ItemGroup>
    <Filter Include="base">
      <UniqueIdentifier>{d56732c6-659d-445e-b0a0-b59f83f2c8d3}</UniqueIdentifier>
    </Filter>
    <Filter Include="math">
      <UniqueIdentifier>{ad796c37-a1b3-4401-83cb-4b593280137f}</UniqueIdentifier>
    </Filter>
    <Filter Include="renderer">
      <UniqueIdentifier>{ef933348-198a-4e84-a261-40f6d525ac70}</UniqueIdentifier>
    </Filter>
  </ItemGroup>
</Project>