<?xml version="1.0" encoding="utf-8"?>
<Project ToolsVersion="4.0" xmlns="http://schemas.microsoft.com/developer/msbuild/2003">
  <ItemGroup>
    <Filter Include="support">
      <UniqueIdentifier>{88efa29e-2b5f-4213-b307-7c1bc5e241ca}</UniqueIdentifier>
    </Filter>
    <Filter Include="core">
      <UniqueIdentifier>{d107a738-8bdd-4eb7-b848-eb61f7f5d80e}</UniqueIdentifier>
    </Filter>
    <Filter Include="cbes">
      <UniqueIdentifier>{cfabae0a-9708-46de-87b0-0116bd7caaa5}</UniqueIdentifier>
    </Filter>
    <Filter Include="sys">
      <UniqueIdentifier>{c364ede8-d912-41ab-9cc3-6e98c738ad5f}</UniqueIdentifier>
    </Filter>
    <Filter Include="renderer">
      <UniqueIdentifier>{a1549323-4d54-466b-962f-03973928a211}</UniqueIdentifier>
    </Filter>
    <Filter Include="renderer\gl">
      <UniqueIdentifier>{35f1603c-c2bd-4095-bdb6-04b772291b35}</UniqueIdentifier>
    </Filter>
  </ItemGroup>
  <ItemGroup>
    <ClCompile Include="sora_test_stdafx.cpp">
      <Filter>support</Filter>
    </ClCompile>
    <ClCompile Include="testmain.cc">
      <Filter>support</Filter>
    </ClCompile>
    <ClCompile Include="cbes\world_test.cpp">
      <Filter>cbes</Filter>
    </ClCompile>
    <ClCompile Include="core\free_list_manager_test.cpp">
      <Filter>core</Filter>
    </ClCompile>
    <ClCompile Include="core\free_list_object_pool_test.cpp">
      <Filter>core</Filter>
    </ClCompile>
    <ClCompile Include="core\heap_test.cpp">
      <Filter>core</Filter>
    </ClCompile>
    <ClCompile Include="core\id_generator_test.cpp">
      <Filter>core</Filter>
    </ClCompile>
    <ClCompile Include="core\math_helper_test.cpp">
      <Filter>core</Filter>
    </ClCompile>
    <ClCompile Include="core\mem_test.cpp">
      <Filter>core</Filter>
    </ClCompile>
    <ClCompile Include="core\template_lib_test.cpp">
      <Filter>core</Filter>
    </ClCompile>
    <ClCompile Include="core\class_type_test.cpp">
      <Filter>core</Filter>
    </ClCompile>
    <ClCompile Include="core\common_string_test.cpp">
      <Filter>core</Filter>
    </ClCompile>
    <ClCompile Include="core\free_list_block_pool_test.cpp">
      <Filter>core</Filter>
    </ClCompile>
    <ClCompile Include="renderer\matrix_stack_test.cpp">
      <Filter>renderer</Filter>
    </ClCompile>
    <ClCompile Include="sys\low_level_c_file_test.cpp">
      <Filter>sys</Filter>
    </ClCompile>
    <ClCompile Include="sys\sys_locale_test.cpp">
      <Filter>sys</Filter>
    </ClCompile>
    <ClCompile Include="sys\filesystem_test.cpp">
      <Filter>sys</Filter>
    </ClCompile>
    <ClCompile Include="renderer\gl_env_test.cpp">
      <Filter>renderer\gl</Filter>
    </ClCompile>
    <ClCompile Include="renderer\gl_buffer_object_test.cpp">
      <Filter>renderer\gl</Filter>
    </ClCompile>
    <ClCompile Include="renderer\gl_shader_test.cpp">
      <Filter>renderer\gl</Filter>
    </ClCompile>
    <ClCompile Include="renderer\shader_test.cpp">
      <Filter>renderer</Filter>
    </ClCompile>
    <ClCompile Include="renderer\buffer_object_test.cpp">
      <Filter>renderer</Filter>
    </ClCompile>
    <ClCompile Include="renderer\vertex_test.cpp">
      <Filter>renderer</Filter>
    </ClCompile>
  </ItemGroup>
  <ItemGroup>
    <ClInclude Include="sora_test_stdafx.h">
      <Filter>support</Filter>
    </ClInclude>
    <ClInclude Include="cbes\sample_component.h">
      <Filter>cbes</Filter>
    </ClInclude>
  </ItemGroup>
</Project>