<?xml version="1.0" encoding="utf-8"?>
<Project ToolsVersion="4.0" xmlns="http://schemas.microsoft.com/developer/msbuild/2003">
  <ItemGroup>
    <ClCompile Include="main.cpp" />
    <ClCompile Include="yuriko_stdafx.cpp" />
    <ClCompile Include="immediate_mode_emulator.cpp" />
    <ClCompile Include="scene_manager.cpp" />
    <ClCompile Include="basic_shader.cpp" />
    <ClCompile Include="gl_window.cpp" />
  </ItemGroup>
  <ItemGroup>
    <ClInclude Include="yuriko_stdafx.h" />
    <ClInclude Include="gl_window.h" />
    <ClInclude Include="immediate_mode_emulator.h" />
    <ClInclude Include="scene.h" />
    <ClInclude Include="scene_manager.h" />
    <ClInclude Include="basic_shader.h" />
    <ClInclude Include="teapot.h" />
  </ItemGroup>
</Project>