<?xml version="1.0" encoding="utf-8"?>
<Project ToolsVersion="4.0" xmlns="http://schemas.microsoft.com/developer/msbuild/2003">
  <ItemGroup>
    <Filter Include="Source Files">
      <UniqueIdentifier>{4FC737F1-C7A5-4376-A066-2A32D752A2FF}</UniqueIdentifier>
      <Extensions>cpp;c;cc;cxx;def;odl;idl;hpj;bat;asm;asmx</Extensions>
    </Filter>
    <Filter Include="Header Files">
      <UniqueIdentifier>{93995380-89BD-4b04-88EB-625FBE52EBFB}</UniqueIdentifier>
      <Extensions>h;hpp;hxx;hm;inl;inc;xsd</Extensions>
    </Filter>
    <Filter Include="Resource Files">
      <UniqueIdentifier>{67DA6AB6-F800-4c08-8B7A-83BB121AAD01}</UniqueIdentifier>
      <Extensions>rc;ico;cur;bmp;dlg;rc2;rct;bin;rgs;gif;jpg;jpeg;jpe;resx;tiff;tif;png;wav;mfcribbon-ms</Extensions>
    </Filter>
    <Filter Include="sora">
      <UniqueIdentifier>{bac280c4-5ef3-4213-82f6-acb12a02aa97}</UniqueIdentifier>
    </Filter>
    <Filter Include="matsu">
      <UniqueIdentifier>{c2fee5e4-f36f-487a-8148-8268c641d50d}</UniqueIdentifier>
    </Filter>
    <Filter Include="karen">
      <UniqueIdentifier>{c444ab84-bc73-42eb-8bd2-aa03c953259d}</UniqueIdentifier>
    </Filter>
  </ItemGroup>
  <ItemGroup>
    <ClInclude Include="sora\singleton.h">
      <Filter>sora</Filter>
    </ClInclude>
    <ClInclude Include="sora\string_util.h">
      <Filter>sora</Filter>
    </ClInclude>
    <ClInclude Include="sora\template_library.h">
      <Filter>sora</Filter>
    </ClInclude>
    <ClInclude Include="sora\macro.h">
      <Filter>sora</Filter>
    </ClInclude>
    <ClInclude Include="sora\shared_object.h">
      <Filter>sora</Filter>
    </ClInclude>
    <ClInclude Include="matsu\vector.h">
      <Filter>matsu</Filter>
    </ClInclude>
    <ClInclude Include="matsu\vector_template.h">
      <Filter>matsu</Filter>
    </ClInclude>
    <ClInclude Include="sora\platform.h">
      <Filter>sora</Filter>
    </ClInclude>
    <ClInclude Include="matsu\matrix.h">
      <Filter>matsu</Filter>
    </ClInclude>
    <ClInclude Include="matsu\matrix_template.h">
      <Filter>matsu</Filter>
    </ClInclude>
    <ClInclude Include="matsu\matsu_enum.h">
      <Filter>matsu</Filter>
    </ClInclude>
    <ClInclude Include="matsu\quaternion.h">
      <Filter>matsu</Filter>
    </ClInclude>
    <ClInclude Include="matsu\math.h">
      <Filter>matsu</Filter>
    </ClInclude>
    <ClInclude Include="matsu\rectangle.h">
      <Filter>matsu</Filter>
    </ClInclude>
    <ClInclude Include="matsu\coordinate.h">
      <Filter>matsu</Filter>
    </ClInclude>
    <ClInclude Include="matsu\angle.h">
      <Filter>matsu</Filter>
    </ClInclude>
    <ClInclude Include="karen\heap.h">
      <Filter>karen</Filter>
    </ClInclude>
    <ClInclude Include="karen\heap_alloc_header.h">
      <Filter>karen</Filter>
    </ClInclude>
    <ClInclude Include="karen\karen_enum.h">
      <Filter>karen</Filter>
    </ClInclude>
    <ClInclude Include="karen\class_heap.h">
      <Filter>karen</Filter>
    </ClInclude>
    <ClInclude Include="karen\free_list_block_pool.h">
      <Filter>karen</Filter>
    </ClInclude>
    <ClInclude Include="karen\free_list_manager.h">
      <Filter>karen</Filter>
    </ClInclude>
    <ClInclude Include="karen\free_list_object_pool.h">
      <Filter>karen</Filter>
    </ClInclude>
    <ClInclude Include="sora\tr1_include.h">
      <Filter>sora</Filter>
    </ClInclude>
    <ClInclude Include="sora\template_library_impl.h">
      <Filter>sora</Filter>
    </ClInclude>
    <ClInclude Include="matsu\angle_impl.h">
      <Filter>matsu</Filter>
    </ClInclude>
    <ClInclude Include="matsu\coordinate_impl.h">
      <Filter>matsu</Filter>
    </ClInclude>
    <ClInclude Include="matsu\math_impl.h">
      <Filter>matsu</Filter>
    </ClInclude>
    <ClInclude Include="matsu\matrix_impl.h">
      <Filter>matsu</Filter>
    </ClInclude>
    <ClInclude Include="matsu\matrix_template_impl.h">
      <Filter>matsu</Filter>
    </ClInclude>
    <ClInclude Include="matsu\vector_template_impl.h">
      <Filter>matsu</Filter>
    </ClInclude>
    <ClInclude Include="matsu\quaternion_impl.h">
      <Filter>matsu</Filter>
    </ClInclude>
    <ClInclude Include="sora\flag_generator.h">
      <Filter>sora</Filter>
    </ClInclude>
  </ItemGroup>
  <ItemGroup>
    <ClCompile Include="sora\string_util.cc">
      <Filter>sora</Filter>
    </ClCompile>
    <ClCompile Include="karen\free_list_block_pool.cc">
      <Filter>karen</Filter>
    </ClCompile>
    <ClCompile Include="karen\heap.cc">
      <Filter>karen</Filter>
    </ClCompile>
  </ItemGroup>
</Project>