<?xml version="1.0" encoding="utf-8"?>
<Project ToolsVersion="4.0" xmlns="http://schemas.microsoft.com/developer/msbuild/2003">
  <ItemGroup>
    <ClCompile Include="main.cc" />
    <ClCompile Include="yukino_stdafx.cc" />
    <ClCompile Include="book.cc">
      <Filter>book</Filter>
    </ClCompile>
    <ClCompile Include="book_paper.cc">
      <Filter>book</Filter>
    </ClCompile>
    <ClCompile Include="book_paper_builder.cc">
      <Filter>book</Filter>
    </ClCompile>
    <ClCompile Include="book_scene.cc">
      <Filter>book</Filter>
    </ClCompile>
    <ClCompile Include="glassless3d.cc">
      <Filter>book</Filter>
    </ClCompile>
    <ClCompile Include="camera.cc">
      <Filter>book</Filter>
    </ClCompile>
    <ClCompile Include="game_scene.cc" />
    <ClCompile Include="intro_scene.cc" />
    <ClCompile Include="menu_scene.cc" />
    <ClCompile Include="lang_button_selector.cc" />
  </ItemGroup>
  <ItemGroup>
    <ClInclude Include="yukino_stdafx.h" />
    <ClInclude Include="book.h">
      <Filter>book</Filter>
    </ClInclude>
    <ClInclude Include="book_paper.h">
      <Filter>book</Filter>
    </ClInclude>
    <ClInclude Include="book_paper_builder.h">
      <Filter>book</Filter>
    </ClInclude>
    <ClInclude Include="book_scene.h">
      <Filter>book</Filter>
    </ClInclude>
    <ClInclude Include="glassless3d.h">
      <Filter>book</Filter>
    </ClInclude>
    <ClInclude Include="camera.h">
      <Filter>book</Filter>
    </ClInclude>
    <ClInclude Include="game_scene.h" />
    <ClInclude Include="intro_scene.h" />
    <ClInclude Include="menu_scene.h" />
    <ClInclude Include="lang_button_selector.h" />
  </ItemGroup>
  <ItemGroup>
    <Filter Include="book">
      <UniqueIdentifier>{f8127a02-d301-4c7a-a89d-0fc9b45a2a9a}</UniqueIdentifier>
    </Filter>
  </ItemGroup>
</Project>