<?xml version="1.0" encoding="utf-8"?>
<Project ToolsVersion="4.0" xmlns="http://schemas.microsoft.com/developer/msbuild/2003">
  <ItemGroup>
    <ClCompile Include="main\testmain.cpp" />
    <ClCompile Include="SoraTestStdAfx.cpp" />
    <ClCompile Include="chizuruTest\CHInputEventTest.cpp">
      <Filter>chizuru</Filter>
    </ClCompile>
    <ClCompile Include="chizuruTest\CHInputEventQueueTest.cpp">
      <Filter>chizuru</Filter>
    </ClCompile>
    <ClCompile Include="irinaTest\IRValueDictTest.cpp">
      <Filter>irina</Filter>
    </ClCompile>
    <ClCompile Include="irinaTest\IRComponentTest.cpp">
      <Filter>irina</Filter>
    </ClCompile>
    <ClCompile Include="irinaTest\IREntityTest.cpp">
      <Filter>irina</Filter>
    </ClCompile>
    <ClCompile Include="mioTest\MioPathTest.cpp">
      <Filter>mio</Filter>
    </ClCompile>
    <ClCompile Include="mioTest\MioXmlReaderTest.cpp">
      <Filter>mio</Filter>
    </ClCompile>
    <ClCompile Include="mioTest\MioReaderTest.cpp">
      <Filter>mio</Filter>
    </ClCompile>
    <ClCompile Include="mioTest\MioXmlNodeTest.cpp">
      <Filter>mio</Filter>
    </ClCompile>
    <ClCompile Include="matsuTest\MTVectorTest.cpp">
      <Filter>matsu</Filter>
    </ClCompile>
    <ClCompile Include="matsuTest\MTCoordinateTest.cpp">
      <Filter>matsu</Filter>
    </ClCompile>
    <ClCompile Include="matsuTest\MTMathTest.cpp">
      <Filter>matsu</Filter>
    </ClCompile>
    <ClCompile Include="matsuTest\MTMatrixTest.cpp">
      <Filter>matsu</Filter>
    </ClCompile>
    <ClCompile Include="matsuTest\MTQuaternionTest.cpp">
      <Filter>matsu</Filter>
    </ClCompile>
    <ClCompile Include="matsuTest\MTStringTest.cpp">
      <Filter>matsu</Filter>
    </ClCompile>
    <ClCompile Include="matsuTest\MTStringUtilTest.cpp">
      <Filter>matsu</Filter>
    </ClCompile>
    <ClCompile Include="chizuruTest\CHLocaleTest.cpp">
      <Filter>chizuru</Filter>
    </ClCompile>
    <ClCompile Include="konomiTest\KNVariantTest.cpp">
      <Filter>konomi</Filter>
    </ClCompile>
    <ClCompile Include="chizuruTest\CHAccelerometerFilterTest.cpp">
      <Filter>chizuru</Filter>
    </ClCompile>
    <ClCompile Include="matsuTest\MTFixedSizeMemPoolTest.cpp">
      <Filter>matsu</Filter>
    </ClCompile>
    <ClCompile Include="konomiTest\KNMessageTest.cpp">
      <Filter>konomi</Filter>
    </ClCompile>
    <ClCompile Include="konomiTest\CHTouchTest.cpp">
      <Filter>chizuru</Filter>
    </ClCompile>
    <ClCompile Include="konomiTest\KNMessageDecoratorTest.cpp">
      <Filter>konomi</Filter>
    </ClCompile>
    <ClCompile Include="chizuruTest\CHMouseTest.cpp">
      <Filter>chizuru</Filter>
    </ClCompile>
    <ClCompile Include="hikaruTest\HKProfileTest.cpp">
      <Filter>hikaru</Filter>
    </ClCompile>
    <ClCompile Include="akiTest\AkiImageTest.cpp">
      <Filter>aki</Filter>
    </ClCompile>
    <ClCompile Include="akiTest\AkiTextureTest.cpp">
      <Filter>aki</Filter>
    </ClCompile>
    <ClCompile Include="runaTest\RNShaderTest.cpp">
      <Filter>runa</Filter>
    </ClCompile>
    <ClCompile Include="konomiTest\KNIdentifierFlagDictionaryTest.cpp">
      <Filter>konomi</Filter>
    </ClCompile>
    <ClCompile Include="lynetteTest\LNModelTest.cpp">
      <Filter>lynette</Filter>
    </ClCompile>
    <ClCompile Include="karenTest\KRFreeListObjectPoolTest.cpp">
      <Filter>karen</Filter>
    </ClCompile>
  </ItemGroup>
  <ItemGroup>
    <ClInclude Include="SoraTestStdAfx.h" />
    <ClInclude Include="irinaTest\IRComponentTest.h">
      <Filter>irina</Filter>
    </ClInclude>
  </ItemGroup>
  <ItemGroup>
    <Filter Include="chizuru">
      <UniqueIdentifier>{da7bb95f-9853-4823-b67c-1fac42372291}</UniqueIdentifier>
    </Filter>
    <Filter Include="irina">
      <UniqueIdentifier>{513ca4c5-f85e-4622-af7e-12295682e128}</UniqueIdentifier>
    </Filter>
    <Filter Include="mio">
      <UniqueIdentifier>{7842e9de-c00a-46fc-9ec0-bbd0f99afef1}</UniqueIdentifier>
    </Filter>
    <Filter Include="matsu">
      <UniqueIdentifier>{a015a7bb-fae8-4fd4-9c19-6f04ade7c097}</UniqueIdentifier>
    </Filter>
    <Filter Include="konomi">
      <UniqueIdentifier>{e7e59747-8b21-49ed-a63f-ee58cc72b92c}</UniqueIdentifier>
    </Filter>
    <Filter Include="hikaru">
      <UniqueIdentifier>{96e1ddd2-5274-4567-b3e0-c301334690cd}</UniqueIdentifier>
    </Filter>
    <Filter Include="aki">
      <UniqueIdentifier>{11c3c01c-177d-433e-b586-4d505e619a72}</UniqueIdentifier>
    </Filter>
    <Filter Include="runa">
      <UniqueIdentifier>{002bce9f-9428-4d0e-96d4-c83a701b5b63}</UniqueIdentifier>
    </Filter>
    <Filter Include="lynette">
      <UniqueIdentifier>{9f66d0cb-8a9b-4ebc-a82d-cf38c360a496}</UniqueIdentifier>
    </Filter>
    <Filter Include="kurisu">
      <UniqueIdentifier>{6d0a9efc-d7cc-4a62-b84a-08f23e84399f}</UniqueIdentifier>
    </Filter>
    <Filter Include="karen">
      <UniqueIdentifier>{88fc10f5-d8f8-44a5-bcc7-b122cc74086f}</UniqueIdentifier>
    </Filter>
  </ItemGroup>
</Project>